// !$*UTF8*$!
{
	archiveVersion = 1;
	classes = {
	};
	objectVersion = 56;
	objects = {

/* Begin PBXBuildFile section */
		E7CFCFF52CAADCFE000FAD7B /* Assets.xcassets in Resources */ = {isa = PBXBuildFile; fileRef = E7CFCFC82CAADCFE000FAD7B /* Assets.xcassets */; };
		E7CFCFF62CAADCFE000FAD7B /* Telaga Bidadari Batam.gpx in Resources */ = {isa = PBXBuildFile; fileRef = E7CFCFC62CAADCFE000FAD7B /* Telaga Bidadari Batam.gpx */; };
		E7CFCFF72CAADCFE000FAD7B /* LaunchScreen.storyboard in Resources */ = {isa = PBXBuildFile; fileRef = E7CFCFF12CAADCFE000FAD7B /* LaunchScreen.storyboard */; };
		E7CFCFF82CAADCFE000FAD7B /* CentralBLEService.swift in Sources */ = {isa = PBXBuildFile; fileRef = E7CFCFDB2CAADCFE000FAD7B /* CentralBLEService.swift */; };
		E7CFCFF92CAADCFE000FAD7B /* Date+Extension.swift in Sources */ = {isa = PBXBuildFile; fileRef = E7CFCFEB2CAADCFE000FAD7B /* Date+Extension.swift */; };
		E7CFCFFA2CAADCFE000FAD7B /* PrimaryButton.swift in Sources */ = {isa = PBXBuildFile; fileRef = E7CFCFE12CAADCFE000FAD7B /* PrimaryButton.swift */; };
		E7CFCFFB2CAADCFE000FAD7B /* SecondaryButton.swift in Sources */ = {isa = PBXBuildFile; fileRef = E7CFCFE22CAADCFE000FAD7B /* SecondaryButton.swift */; };
		E7CFCFFC2CAADCFE000FAD7B /* HikerBLEManager.swift in Sources */ = {isa = PBXBuildFile; fileRef = E7CFCFBC2CAADCFE000FAD7B /* HikerBLEManager.swift */; };
		E7CFCFFD2CAADCFE000FAD7B /* SceneDelegate.swift in Sources */ = {isa = PBXBuildFile; fileRef = E7CFCFF22CAADCFE000FAD7B /* SceneDelegate.swift */; };
		E7CFCFFE2CAADCFE000FAD7B /* OnboardingHikingProfileVC.swift in Sources */ = {isa = PBXBuildFile; fileRef = E7CFCFD72CAADCFE000FAD7B /* OnboardingHikingProfileVC.swift */; };
		E7CFCFFF2CAADCFE000FAD7B /* HaikinguRequestReponse.swift in Sources */ = {isa = PBXBuildFile; fileRef = E7CFCFC02CAADCFE000FAD7B /* HaikinguRequestReponse.swift */; };
		E7CFD0002CAADCFE000FAD7B /* SampleLabel.swift in Sources */ = {isa = PBXBuildFile; fileRef = E7CFCFE42CAADCFE000FAD7B /* SampleLabel.swift */; };
		E7CFD0012CAADCFE000FAD7B /* HealthService.swift in Sources */ = {isa = PBXBuildFile; fileRef = E7CFCFDE2CAADCFE000FAD7B /* HealthService.swift */; };
		E7CFD0022CAADCFE000FAD7B /* HikerBLEManager+Central+Extension.swift in Sources */ = {isa = PBXBuildFile; fileRef = E7CFCFB92CAADCFE000FAD7B /* HikerBLEManager+Central+Extension.swift */; };
		E7CFD0032CAADCFE000FAD7B /* HomeVC.swift in Sources */ = {isa = PBXBuildFile; fileRef = E7CFCFD02CAADCFE000FAD7B /* HomeVC.swift */; };
		E7CFD0042CAADCFE000FAD7B /* Hiker.swift in Sources */ = {isa = PBXBuildFile; fileRef = E7CFCFC22CAADCFE000FAD7B /* Hiker.swift */; };
		E7CFD0052CAADCFE000FAD7B /* HikingInvitationVC.swift in Sources */ = {isa = PBXBuildFile; fileRef = E7CFCFCF2CAADCFE000FAD7B /* HikingInvitationVC.swift */; };
		E7CFD0062CAADCFE000FAD7B /* SampleView.swift in Sources */ = {isa = PBXBuildFile; fileRef = E7CFCFD52CAADCFE000FAD7B /* SampleView.swift */; };
		E7CFD0072CAADCFE000FAD7B /* HealthManager.swift in Sources */ = {isa = PBXBuildFile; fileRef = E7CFCFBE2CAADCFE000FAD7B /* HealthManager.swift */; };
		E7CFD0082CAADCFE000FAD7B /* HomeVC+HikingInvitation+Extension.swift in Sources */ = {isa = PBXBuildFile; fileRef = E7CFCFCA2CAADCFE000FAD7B /* HomeVC+HikingInvitation+Extension.swift */; };
		E7CFD0092CAADCFE000FAD7B /* SampleItemView.swift in Sources */ = {isa = PBXBuildFile; fileRef = E7CFCFE82CAADCFE000FAD7B /* SampleItemView.swift */; };
		E7CFD00A2CAADCFE000FAD7B /* Swinject+Extension.swift in Sources */ = {isa = PBXBuildFile; fileRef = E7CFCFEC2CAADCFE000FAD7B /* Swinject+Extension.swift */; };
		E7CFD00B2CAADCFE000FAD7B /* SampleDB.swift in Sources */ = {isa = PBXBuildFile; fileRef = E7CFCFB72CAADCFE000FAD7B /* SampleDB.swift */; };
		E7CFD00C2CAADCFE000FAD7B /* OnboardingExtension.swift in Sources */ = {isa = PBXBuildFile; fileRef = E7CFCFD32CAADCFE000FAD7B /* OnboardingExtension.swift */; };
		E7CFD00D2CAADCFE000FAD7B /* HaikinguServiceBLEUUID.swift in Sources */ = {isa = PBXBuildFile; fileRef = E7CFCFC12CAADCFE000FAD7B /* HaikinguServiceBLEUUID.swift */; };
		E7CFD00E2CAADCFE000FAD7B /* HomeHeaderView.swift in Sources */ = {isa = PBXBuildFile; fileRef = E7CFCFCD2CAADCFE000FAD7B /* HomeHeaderView.swift */; };
		E7CFD00F2CAADCFE000FAD7B /* ViewController.swift in Sources */ = {isa = PBXBuildFile; fileRef = E7CFCFF32CAADCFE000FAD7B /* ViewController.swift */; };
		E7CFD0102CAADCFE000FAD7B /* AppButton.swift in Sources */ = {isa = PBXBuildFile; fileRef = E7CFCFE02CAADCFE000FAD7B /* AppButton.swift */; };
		E7CFD0112CAADCFE000FAD7B /* HikingModeControlView.swift in Sources */ = {isa = PBXBuildFile; fileRef = E7CFCFCC2CAADCFE000FAD7B /* HikingModeControlView.swift */; };
		E7CFD0122CAADCFE000FAD7B /* AppDelegate.swift in Sources */ = {isa = PBXBuildFile; fileRef = E7CFCFEF2CAADCFE000FAD7B /* AppDelegate.swift */; };
		E7CFD0132CAADCFE000FAD7B /* User.swift in Sources */ = {isa = PBXBuildFile; fileRef = E7CFCFC42CAADCFE000FAD7B /* User.swift */; };
		E7CFD0142CAADCFE000FAD7B /* HikerBLEManager+Peripheral+Extension.swift in Sources */ = {isa = PBXBuildFile; fileRef = E7CFCFBA2CAADCFE000FAD7B /* HikerBLEManager+Peripheral+Extension.swift */; };
		E7CFD0152CAADCFE000FAD7B /* AlterVC.swift in Sources */ = {isa = PBXBuildFile; fileRef = E7CFCFE62CAADCFE000FAD7B /* AlterVC.swift */; };
		E7CFD0162CAADCFE000FAD7B /* PeripheralBLEService.swift in Sources */ = {isa = PBXBuildFile; fileRef = E7CFCFDC2CAADCFE000FAD7B /* PeripheralBLEService.swift */; };
		E7CFD0172CAADCFE000FAD7B /* TypeOfRestEnum.swift in Sources */ = {isa = PBXBuildFile; fileRef = E7CFCFC32CAADCFE000FAD7B /* TypeOfRestEnum.swift */; };
		E7CFD01B2CAADD24000FAD7B /* MetricsVM.swift in Sources */ = {isa = PBXBuildFile; fileRef = E7CFD0192CAADD24000FAD7B /* MetricsVM.swift */; };
		E7CFD01C2CAADD24000FAD7B /* HomeVM.swift in Sources */ = {isa = PBXBuildFile; fileRef = E7CFD0182CAADD24000FAD7B /* HomeVM.swift */; };
		E7CFD0322CAADD2E000FAD7B /* HKMetricBiggerText.swift in Sources */ = {isa = PBXBuildFile; fileRef = E7CFD02D2CAADD2E000FAD7B /* HKMetricBiggerText.swift */; };
		E7CFD0332CAADD2E000FAD7B /* MetricsScreen.swift in Sources */ = {isa = PBXBuildFile; fileRef = E7CFD0242CAADD2E000FAD7B /* MetricsScreen.swift */; };
		E7CFD0342CAADD2E000FAD7B /* HKCircleButton.swift in Sources */ = {isa = PBXBuildFile; fileRef = E7CFD02A2CAADD2E000FAD7B /* HKCircleButton.swift */; };
		E7CFD0352CAADD2E000FAD7B /* MetricsView.swift in Sources */ = {isa = PBXBuildFile; fileRef = E7CFD0202CAADD2E000FAD7B /* MetricsView.swift */; };
		E7CFD0362CAADD2E000FAD7B /* UserServices.swift in Sources */ = {isa = PBXBuildFile; fileRef = E7CFD0282CAADD2E000FAD7B /* UserServices.swift */; };
		E7CFD0372CAADD2E000FAD7B /* SummaryScreen.swift in Sources */ = {isa = PBXBuildFile; fileRef = E7CFD0252CAADD2E000FAD7B /* SummaryScreen.swift */; };
		E7CFD0382CAADD2E000FAD7B /* LeadControlView.swift in Sources */ = {isa = PBXBuildFile; fileRef = E7CFD01D2CAADD2E000FAD7B /* LeadControlView.swift */; };
		E7CFD0392CAADD2E000FAD7B /* MemberControlScreen.swift in Sources */ = {isa = PBXBuildFile; fileRef = E7CFD01E2CAADD2E000FAD7B /* MemberControlScreen.swift */; };
		E7CFD03A2CAADD2E000FAD7B /* HKSummaryText.swift in Sources */ = {isa = PBXBuildFile; fileRef = E7CFD02E2CAADD2E000FAD7B /* HKSummaryText.swift */; };
		E7CFD03B2CAADD2E000FAD7B /* HomeScreen.swift in Sources */ = {isa = PBXBuildFile; fileRef = E7CFD0232CAADD2E000FAD7B /* HomeScreen.swift */; };
		E7CFD03C2CAADD2E000FAD7B /* HKTextButton.swift in Sources */ = {isa = PBXBuildFile; fileRef = E7CFD02B2CAADD2E000FAD7B /* HKTextButton.swift */; };
		E7CFD03D2CAADD2E000FAD7B /* NavigationServices.swift in Sources */ = {isa = PBXBuildFile; fileRef = E7CFD0272CAADD2E000FAD7B /* NavigationServices.swift */; };
		E7CFD0412CAADD38000FAD7B /* HaikinguApp.swift in Sources */ = {isa = PBXBuildFile; fileRef = E7CFD03F2CAADD38000FAD7B /* HaikinguApp.swift */; };
		E7CFD0422CAADD38000FAD7B /* ContentView.swift in Sources */ = {isa = PBXBuildFile; fileRef = E7CFD03E2CAADD38000FAD7B /* ContentView.swift */; };
		E7CFD0452CAADD42000FAD7B /* Preview Assets.xcassets in Resources */ = {isa = PBXBuildFile; fileRef = E7CFD0432CAADD42000FAD7B /* Preview Assets.xcassets */; };
		E7CFD0472CAADD4B000FAD7B /* Assets.xcassets in Resources */ = {isa = PBXBuildFile; fileRef = E7CFD0462CAADD4B000FAD7B /* Assets.xcassets */; };
		E7CFD04C2CAADDA6000FAD7B /* SnapKit in Frameworks */ = {isa = PBXBuildFile; productRef = E7CFD04B2CAADDA6000FAD7B /* SnapKit */; };
		E7CFD04E2CAADDAA000FAD7B /* Swinject in Frameworks */ = {isa = PBXBuildFile; productRef = E7CFD04D2CAADDAA000FAD7B /* Swinject */; };
		E7CFD0502CAADDAF000FAD7B /* Swinject in Frameworks */ = {isa = PBXBuildFile; productRef = E7CFD04F2CAADDAF000FAD7B /* Swinject */; };
		E7D0BA572C9839CC00324E3D /* Haikingu Watch App.app in Embed Watch Content */ = {isa = PBXBuildFile; fileRef = E7D0BA4A2C9839CB00324E3D /* Haikingu Watch App.app */; settings = {ATTRIBUTES = (RemoveHeadersOnCopy, ); }; };
		E7EDAA452CAAE729006F3ED0 /* BackToHomeMessageView.swift in Sources */ = {isa = PBXBuildFile; fileRef = E7EDAA442CAAE729006F3ED0 /* BackToHomeMessageView.swift */; };
/* End PBXBuildFile section */

/* Begin PBXContainerItemProxy section */
		E7D0BA552C9839CC00324E3D /* PBXContainerItemProxy */ = {
			isa = PBXContainerItemProxy;
			containerPortal = E7D0BA272C9839AD00324E3D /* Project object */;
			proxyType = 1;
			remoteGlobalIDString = E7D0BA492C9839CB00324E3D;
			remoteInfo = "Haikingu Watch App";
		};
/* End PBXContainerItemProxy section */

/* Begin PBXCopyFilesBuildPhase section */
		E7D0BA5B2C9839CC00324E3D /* Embed Watch Content */ = {
			isa = PBXCopyFilesBuildPhase;
			buildActionMask = 2147483647;
			dstPath = "$(CONTENTS_FOLDER_PATH)/Watch";
			dstSubfolderSpec = 16;
			files = (
				E7D0BA572C9839CC00324E3D /* Haikingu Watch App.app in Embed Watch Content */,
			);
			name = "Embed Watch Content";
			runOnlyForDeploymentPostprocessing = 0;
		};
/* End PBXCopyFilesBuildPhase section */

/* Begin PBXFileReference section */
		E7CFCFB72CAADCFE000FAD7B /* SampleDB.swift */ = {isa = PBXFileReference; lastKnownFileType = sourcecode.swift; path = SampleDB.swift; sourceTree = "<group>"; };
		E7CFCFB92CAADCFE000FAD7B /* HikerBLEManager+Central+Extension.swift */ = {isa = PBXFileReference; lastKnownFileType = sourcecode.swift; path = "HikerBLEManager+Central+Extension.swift"; sourceTree = "<group>"; };
		E7CFCFBA2CAADCFE000FAD7B /* HikerBLEManager+Peripheral+Extension.swift */ = {isa = PBXFileReference; lastKnownFileType = sourcecode.swift; path = "HikerBLEManager+Peripheral+Extension.swift"; sourceTree = "<group>"; };
		E7CFCFBC2CAADCFE000FAD7B /* HikerBLEManager.swift */ = {isa = PBXFileReference; lastKnownFileType = sourcecode.swift; path = HikerBLEManager.swift; sourceTree = "<group>"; };
		E7CFCFBE2CAADCFE000FAD7B /* HealthManager.swift */ = {isa = PBXFileReference; lastKnownFileType = sourcecode.swift; path = HealthManager.swift; sourceTree = "<group>"; };
		E7CFCFC02CAADCFE000FAD7B /* HaikinguRequestReponse.swift */ = {isa = PBXFileReference; lastKnownFileType = sourcecode.swift; path = HaikinguRequestReponse.swift; sourceTree = "<group>"; };
		E7CFCFC12CAADCFE000FAD7B /* HaikinguServiceBLEUUID.swift */ = {isa = PBXFileReference; lastKnownFileType = sourcecode.swift; path = HaikinguServiceBLEUUID.swift; sourceTree = "<group>"; };
		E7CFCFC22CAADCFE000FAD7B /* Hiker.swift */ = {isa = PBXFileReference; lastKnownFileType = sourcecode.swift; path = Hiker.swift; sourceTree = "<group>"; };
		E7CFCFC32CAADCFE000FAD7B /* TypeOfRestEnum.swift */ = {isa = PBXFileReference; lastKnownFileType = sourcecode.swift; path = TypeOfRestEnum.swift; sourceTree = "<group>"; };
		E7CFCFC42CAADCFE000FAD7B /* User.swift */ = {isa = PBXFileReference; lastKnownFileType = sourcecode.swift; path = User.swift; sourceTree = "<group>"; };
		E7CFCFC62CAADCFE000FAD7B /* Telaga Bidadari Batam.gpx */ = {isa = PBXFileReference; lastKnownFileType = text.xml; path = "Telaga Bidadari Batam.gpx"; sourceTree = "<group>"; };
		E7CFCFC82CAADCFE000FAD7B /* Assets.xcassets */ = {isa = PBXFileReference; lastKnownFileType = folder.assetcatalog; path = Assets.xcassets; sourceTree = "<group>"; };
		E7CFCFCA2CAADCFE000FAD7B /* HomeVC+HikingInvitation+Extension.swift */ = {isa = PBXFileReference; lastKnownFileType = sourcecode.swift; path = "HomeVC+HikingInvitation+Extension.swift"; sourceTree = "<group>"; };
		E7CFCFCC2CAADCFE000FAD7B /* HikingModeControlView.swift */ = {isa = PBXFileReference; lastKnownFileType = sourcecode.swift; path = HikingModeControlView.swift; sourceTree = "<group>"; };
		E7CFCFCD2CAADCFE000FAD7B /* HomeHeaderView.swift */ = {isa = PBXFileReference; lastKnownFileType = sourcecode.swift; path = HomeHeaderView.swift; sourceTree = "<group>"; };
		E7CFCFCF2CAADCFE000FAD7B /* HikingInvitationVC.swift */ = {isa = PBXFileReference; lastKnownFileType = sourcecode.swift; path = HikingInvitationVC.swift; sourceTree = "<group>"; };
		E7CFCFD02CAADCFE000FAD7B /* HomeVC.swift */ = {isa = PBXFileReference; lastKnownFileType = sourcecode.swift; path = HomeVC.swift; sourceTree = "<group>"; };
		E7CFCFD32CAADCFE000FAD7B /* OnboardingExtension.swift */ = {isa = PBXFileReference; lastKnownFileType = sourcecode.swift; path = OnboardingExtension.swift; sourceTree = "<group>"; };
		E7CFCFD52CAADCFE000FAD7B /* SampleView.swift */ = {isa = PBXFileReference; lastKnownFileType = sourcecode.swift; path = SampleView.swift; sourceTree = "<group>"; };
		E7CFCFD72CAADCFE000FAD7B /* OnboardingHikingProfileVC.swift */ = {isa = PBXFileReference; lastKnownFileType = sourcecode.swift; path = OnboardingHikingProfileVC.swift; sourceTree = "<group>"; };
		E7CFCFDB2CAADCFE000FAD7B /* CentralBLEService.swift */ = {isa = PBXFileReference; lastKnownFileType = sourcecode.swift; path = CentralBLEService.swift; sourceTree = "<group>"; };
		E7CFCFDC2CAADCFE000FAD7B /* PeripheralBLEService.swift */ = {isa = PBXFileReference; lastKnownFileType = sourcecode.swift; path = PeripheralBLEService.swift; sourceTree = "<group>"; };
		E7CFCFDE2CAADCFE000FAD7B /* HealthService.swift */ = {isa = PBXFileReference; lastKnownFileType = sourcecode.swift; path = HealthService.swift; sourceTree = "<group>"; };
		E7CFCFE02CAADCFE000FAD7B /* AppButton.swift */ = {isa = PBXFileReference; lastKnownFileType = sourcecode.swift; path = AppButton.swift; sourceTree = "<group>"; };
		E7CFCFE12CAADCFE000FAD7B /* PrimaryButton.swift */ = {isa = PBXFileReference; lastKnownFileType = sourcecode.swift; path = PrimaryButton.swift; sourceTree = "<group>"; };
		E7CFCFE22CAADCFE000FAD7B /* SecondaryButton.swift */ = {isa = PBXFileReference; lastKnownFileType = sourcecode.swift; path = SecondaryButton.swift; sourceTree = "<group>"; };
		E7CFCFE42CAADCFE000FAD7B /* SampleLabel.swift */ = {isa = PBXFileReference; lastKnownFileType = sourcecode.swift; path = SampleLabel.swift; sourceTree = "<group>"; };
		E7CFCFE62CAADCFE000FAD7B /* AlterVC.swift */ = {isa = PBXFileReference; lastKnownFileType = sourcecode.swift; path = AlterVC.swift; sourceTree = "<group>"; };
		E7CFCFE82CAADCFE000FAD7B /* SampleItemView.swift */ = {isa = PBXFileReference; lastKnownFileType = sourcecode.swift; path = SampleItemView.swift; sourceTree = "<group>"; };
		E7CFCFEB2CAADCFE000FAD7B /* Date+Extension.swift */ = {isa = PBXFileReference; lastKnownFileType = sourcecode.swift; path = "Date+Extension.swift"; sourceTree = "<group>"; };
		E7CFCFEC2CAADCFE000FAD7B /* Swinject+Extension.swift */ = {isa = PBXFileReference; lastKnownFileType = sourcecode.swift; path = "Swinject+Extension.swift"; sourceTree = "<group>"; };
		E7CFCFEF2CAADCFE000FAD7B /* AppDelegate.swift */ = {isa = PBXFileReference; lastKnownFileType = sourcecode.swift; path = AppDelegate.swift; sourceTree = "<group>"; };
		E7CFCFF02CAADCFE000FAD7B /* Base */ = {isa = PBXFileReference; lastKnownFileType = file.storyboard; name = Base; path = Base.lproj/LaunchScreen.storyboard; sourceTree = "<group>"; };
		E7CFCFF22CAADCFE000FAD7B /* SceneDelegate.swift */ = {isa = PBXFileReference; lastKnownFileType = sourcecode.swift; path = SceneDelegate.swift; sourceTree = "<group>"; };
		E7CFCFF32CAADCFE000FAD7B /* ViewController.swift */ = {isa = PBXFileReference; lastKnownFileType = sourcecode.swift; path = ViewController.swift; sourceTree = "<group>"; };
		E7CFD0182CAADD24000FAD7B /* HomeVM.swift */ = {isa = PBXFileReference; lastKnownFileType = sourcecode.swift; path = HomeVM.swift; sourceTree = "<group>"; };
		E7CFD0192CAADD24000FAD7B /* MetricsVM.swift */ = {isa = PBXFileReference; lastKnownFileType = sourcecode.swift; path = MetricsVM.swift; sourceTree = "<group>"; };
		E7CFD01D2CAADD2E000FAD7B /* LeadControlView.swift */ = {isa = PBXFileReference; lastKnownFileType = sourcecode.swift; path = LeadControlView.swift; sourceTree = "<group>"; };
		E7CFD01E2CAADD2E000FAD7B /* MemberControlScreen.swift */ = {isa = PBXFileReference; lastKnownFileType = sourcecode.swift; path = MemberControlScreen.swift; sourceTree = "<group>"; };
		E7CFD0202CAADD2E000FAD7B /* MetricsView.swift */ = {isa = PBXFileReference; lastKnownFileType = sourcecode.swift; path = MetricsView.swift; sourceTree = "<group>"; };
		E7CFD0232CAADD2E000FAD7B /* HomeScreen.swift */ = {isa = PBXFileReference; lastKnownFileType = sourcecode.swift; path = HomeScreen.swift; sourceTree = "<group>"; };
		E7CFD0242CAADD2E000FAD7B /* MetricsScreen.swift */ = {isa = PBXFileReference; lastKnownFileType = sourcecode.swift; path = MetricsScreen.swift; sourceTree = "<group>"; };
		E7CFD0252CAADD2E000FAD7B /* SummaryScreen.swift */ = {isa = PBXFileReference; lastKnownFileType = sourcecode.swift; path = SummaryScreen.swift; sourceTree = "<group>"; };
		E7CFD0272CAADD2E000FAD7B /* NavigationServices.swift */ = {isa = PBXFileReference; lastKnownFileType = sourcecode.swift; path = NavigationServices.swift; sourceTree = "<group>"; };
		E7CFD0282CAADD2E000FAD7B /* UserServices.swift */ = {isa = PBXFileReference; lastKnownFileType = sourcecode.swift; path = UserServices.swift; sourceTree = "<group>"; };
		E7CFD02A2CAADD2E000FAD7B /* HKCircleButton.swift */ = {isa = PBXFileReference; lastKnownFileType = sourcecode.swift; path = HKCircleButton.swift; sourceTree = "<group>"; };
		E7CFD02B2CAADD2E000FAD7B /* HKTextButton.swift */ = {isa = PBXFileReference; lastKnownFileType = sourcecode.swift; path = HKTextButton.swift; sourceTree = "<group>"; };
		E7CFD02D2CAADD2E000FAD7B /* HKMetricBiggerText.swift */ = {isa = PBXFileReference; lastKnownFileType = sourcecode.swift; path = HKMetricBiggerText.swift; sourceTree = "<group>"; };
		E7CFD02E2CAADD2E000FAD7B /* HKSummaryText.swift */ = {isa = PBXFileReference; lastKnownFileType = sourcecode.swift; path = HKSummaryText.swift; sourceTree = "<group>"; };
		E7CFD03E2CAADD38000FAD7B /* ContentView.swift */ = {isa = PBXFileReference; lastKnownFileType = sourcecode.swift; path = ContentView.swift; sourceTree = "<group>"; };
		E7CFD03F2CAADD38000FAD7B /* HaikinguApp.swift */ = {isa = PBXFileReference; lastKnownFileType = sourcecode.swift; path = HaikinguApp.swift; sourceTree = "<group>"; };
		E7CFD0432CAADD42000FAD7B /* Preview Assets.xcassets */ = {isa = PBXFileReference; lastKnownFileType = folder.assetcatalog; path = "Preview Assets.xcassets"; sourceTree = "<group>"; };
		E7CFD0462CAADD4B000FAD7B /* Assets.xcassets */ = {isa = PBXFileReference; lastKnownFileType = folder.assetcatalog; path = Assets.xcassets; sourceTree = "<group>"; };
		E7D0BA2F2C9839AD00324E3D /* HaikinguApp.app */ = {isa = PBXFileReference; explicitFileType = wrapper.application; includeInIndex = 0; path = HaikinguApp.app; sourceTree = BUILT_PRODUCTS_DIR; };
		E7D0BA402C9839AF00324E3D /* Info.plist */ = {isa = PBXFileReference; lastKnownFileType = text.plist.xml; path = Info.plist; sourceTree = "<group>"; };
		E7D0BA4A2C9839CB00324E3D /* Haikingu Watch App.app */ = {isa = PBXFileReference; explicitFileType = wrapper.application; includeInIndex = 0; path = "Haikingu Watch App.app"; sourceTree = BUILT_PRODUCTS_DIR; };
		E7EDAA442CAAE729006F3ED0 /* BackToHomeMessageView.swift */ = {isa = PBXFileReference; lastKnownFileType = sourcecode.swift; path = BackToHomeMessageView.swift; sourceTree = "<group>"; };
/* End PBXFileReference section */

/* Begin PBXFrameworksBuildPhase section */
		E7D0BA2C2C9839AD00324E3D /* Frameworks */ = {
			isa = PBXFrameworksBuildPhase;
			buildActionMask = 2147483647;
			files = (
				E7CFD04C2CAADDA6000FAD7B /* SnapKit in Frameworks */,
				E7CFD04E2CAADDAA000FAD7B /* Swinject in Frameworks */,
			);
			runOnlyForDeploymentPostprocessing = 0;
		};
		E7D0BA472C9839CB00324E3D /* Frameworks */ = {
			isa = PBXFrameworksBuildPhase;
			buildActionMask = 2147483647;
			files = (
				E7CFD0502CAADDAF000FAD7B /* Swinject in Frameworks */,
			);
			runOnlyForDeploymentPostprocessing = 0;
		};
/* End PBXFrameworksBuildPhase section */

/* Begin PBXGroup section */
		E7CFCFB82CAADCFE000FAD7B /* LocalDataSources */ = {
			isa = PBXGroup;
			children = (
				E7CFCFB72CAADCFE000FAD7B /* SampleDB.swift */,
			);
			path = LocalDataSources;
			sourceTree = "<group>";
		};
		E7CFCFBB2CAADCFE000FAD7B /* Extensions */ = {
			isa = PBXGroup;
			children = (
				E7CFCFB92CAADCFE000FAD7B /* HikerBLEManager+Central+Extension.swift */,
				E7CFCFBA2CAADCFE000FAD7B /* HikerBLEManager+Peripheral+Extension.swift */,
			);
			path = Extensions;
			sourceTree = "<group>";
		};
		E7CFCFBD2CAADCFE000FAD7B /* CoreBluetooth */ = {
			isa = PBXGroup;
			children = (
				E7CFCFBB2CAADCFE000FAD7B /* Extensions */,
				E7CFCFBC2CAADCFE000FAD7B /* HikerBLEManager.swift */,
			);
			path = CoreBluetooth;
			sourceTree = "<group>";
		};
		E7CFCFBF2CAADCFE000FAD7B /* Managers */ = {
			isa = PBXGroup;
			children = (
				E7CFCFBD2CAADCFE000FAD7B /* CoreBluetooth */,
				E7CFCFBE2CAADCFE000FAD7B /* HealthManager.swift */,
			);
			path = Managers;
			sourceTree = "<group>";
		};
		E7CFCFC52CAADCFE000FAD7B /* Models */ = {
			isa = PBXGroup;
			children = (
				E7CFCFC02CAADCFE000FAD7B /* HaikinguRequestReponse.swift */,
				E7CFCFC12CAADCFE000FAD7B /* HaikinguServiceBLEUUID.swift */,
				E7CFCFC22CAADCFE000FAD7B /* Hiker.swift */,
				E7CFCFC32CAADCFE000FAD7B /* TypeOfRestEnum.swift */,
				E7CFCFC42CAADCFE000FAD7B /* User.swift */,
			);
			path = Models;
			sourceTree = "<group>";
		};
		E7CFCFC72CAADCFE000FAD7B /* GPXAssets */ = {
			isa = PBXGroup;
			children = (
				E7CFCFC62CAADCFE000FAD7B /* Telaga Bidadari Batam.gpx */,
			);
			path = GPXAssets;
			sourceTree = "<group>";
		};
		E7CFCFC92CAADCFE000FAD7B /* Resources */ = {
			isa = PBXGroup;
			children = (
				E7CFCFC72CAADCFE000FAD7B /* GPXAssets */,
				E7CFCFC82CAADCFE000FAD7B /* Assets.xcassets */,
			);
			path = Resources;
			sourceTree = "<group>";
		};
		E7CFCFCB2CAADCFE000FAD7B /* Extensions */ = {
			isa = PBXGroup;
			children = (
				E7CFCFCA2CAADCFE000FAD7B /* HomeVC+HikingInvitation+Extension.swift */,
			);
			path = Extensions;
			sourceTree = "<group>";
		};
		E7CFCFCE2CAADCFE000FAD7B /* SubViews */ = {
			isa = PBXGroup;
			children = (
				E7EDAA442CAAE729006F3ED0 /* BackToHomeMessageView.swift */,
				E7CFCFCC2CAADCFE000FAD7B /* HikingModeControlView.swift */,
				E7CFCFCD2CAADCFE000FAD7B /* HomeHeaderView.swift */,
			);
			path = SubViews;
			sourceTree = "<group>";
		};
		E7CFCFD12CAADCFE000FAD7B /* ViewControllers */ = {
			isa = PBXGroup;
			children = (
				E7CFCFCF2CAADCFE000FAD7B /* HikingInvitationVC.swift */,
				E7CFCFD02CAADCFE000FAD7B /* HomeVC.swift */,
			);
			path = ViewControllers;
			sourceTree = "<group>";
		};
		E7CFCFD22CAADCFE000FAD7B /* Home */ = {
			isa = PBXGroup;
			children = (
				E7CFCFCB2CAADCFE000FAD7B /* Extensions */,
				E7CFCFCE2CAADCFE000FAD7B /* SubViews */,
				E7CFCFD12CAADCFE000FAD7B /* ViewControllers */,
			);
			path = Home;
			sourceTree = "<group>";
		};
		E7CFCFD42CAADCFE000FAD7B /* Extensions */ = {
			isa = PBXGroup;
			children = (
				E7CFCFD32CAADCFE000FAD7B /* OnboardingExtension.swift */,
			);
			path = Extensions;
			sourceTree = "<group>";
		};
		E7CFCFD62CAADCFE000FAD7B /* SubViews */ = {
			isa = PBXGroup;
			children = (
				E7CFCFD52CAADCFE000FAD7B /* SampleView.swift */,
			);
			path = SubViews;
			sourceTree = "<group>";
		};
		E7CFCFD82CAADCFE000FAD7B /* ViewControllers */ = {
			isa = PBXGroup;
			children = (
				E7CFCFD72CAADCFE000FAD7B /* OnboardingHikingProfileVC.swift */,
			);
			path = ViewControllers;
			sourceTree = "<group>";
		};
		E7CFCFD92CAADCFE000FAD7B /* Onboarding */ = {
			isa = PBXGroup;
			children = (
				E7CFCFD42CAADCFE000FAD7B /* Extensions */,
				E7CFCFD62CAADCFE000FAD7B /* SubViews */,
				E7CFCFD82CAADCFE000FAD7B /* ViewControllers */,
			);
			path = Onboarding;
			sourceTree = "<group>";
		};
		E7CFCFDA2CAADCFE000FAD7B /* Screens */ = {
			isa = PBXGroup;
			children = (
				E7CFCFD22CAADCFE000FAD7B /* Home */,
				E7CFCFD92CAADCFE000FAD7B /* Onboarding */,
			);
			path = Screens;
			sourceTree = "<group>";
		};
		E7CFCFDD2CAADCFE000FAD7B /* CoreBluetooth */ = {
			isa = PBXGroup;
			children = (
				E7CFCFDB2CAADCFE000FAD7B /* CentralBLEService.swift */,
				E7CFCFDC2CAADCFE000FAD7B /* PeripheralBLEService.swift */,
			);
			path = CoreBluetooth;
			sourceTree = "<group>";
		};
		E7CFCFDF2CAADCFE000FAD7B /* Services */ = {
			isa = PBXGroup;
			children = (
				E7CFCFDD2CAADCFE000FAD7B /* CoreBluetooth */,
				E7CFCFDE2CAADCFE000FAD7B /* HealthService.swift */,
			);
			path = Services;
			sourceTree = "<group>";
		};
		E7CFCFE32CAADCFE000FAD7B /* Buttons */ = {
			isa = PBXGroup;
			children = (
				E7CFCFE02CAADCFE000FAD7B /* AppButton.swift */,
				E7CFCFE12CAADCFE000FAD7B /* PrimaryButton.swift */,
				E7CFCFE22CAADCFE000FAD7B /* SecondaryButton.swift */,
			);
			path = Buttons;
			sourceTree = "<group>";
		};
		E7CFCFE52CAADCFE000FAD7B /* Labels */ = {
			isa = PBXGroup;
			children = (
				E7CFCFE42CAADCFE000FAD7B /* SampleLabel.swift */,
			);
			path = Labels;
			sourceTree = "<group>";
		};
		E7CFCFE72CAADCFE000FAD7B /* ViewControllers */ = {
			isa = PBXGroup;
			children = (
				E7CFCFE62CAADCFE000FAD7B /* AlterVC.swift */,
			);
			path = ViewControllers;
			sourceTree = "<group>";
		};
		E7CFCFE92CAADCFE000FAD7B /* Views */ = {
			isa = PBXGroup;
			children = (
				E7CFCFE82CAADCFE000FAD7B /* SampleItemView.swift */,
			);
			path = Views;
			sourceTree = "<group>";
		};
		E7CFCFEA2CAADCFE000FAD7B /* Components */ = {
			isa = PBXGroup;
			children = (
				E7CFCFE32CAADCFE000FAD7B /* Buttons */,
				E7CFCFE52CAADCFE000FAD7B /* Labels */,
				E7CFCFE72CAADCFE000FAD7B /* ViewControllers */,
				E7CFCFE92CAADCFE000FAD7B /* Views */,
			);
			path = Components;
			sourceTree = "<group>";
		};
		E7CFCFED2CAADCFE000FAD7B /* Extensions */ = {
			isa = PBXGroup;
			children = (
				E7CFCFEB2CAADCFE000FAD7B /* Date+Extension.swift */,
				E7CFCFEC2CAADCFE000FAD7B /* Swinject+Extension.swift */,
			);
			path = Extensions;
			sourceTree = "<group>";
		};
		E7CFCFEE2CAADCFE000FAD7B /* Shareds */ = {
			isa = PBXGroup;
			children = (
				E7CFCFEA2CAADCFE000FAD7B /* Components */,
				E7CFCFED2CAADCFE000FAD7B /* Extensions */,
			);
			path = Shareds;
			sourceTree = "<group>";
		};
		E7CFCFF42CAADCFE000FAD7B /* Supports */ = {
			isa = PBXGroup;
			children = (
				E7CFCFEF2CAADCFE000FAD7B /* AppDelegate.swift */,
				E7CFCFF12CAADCFE000FAD7B /* LaunchScreen.storyboard */,
				E7CFCFF22CAADCFE000FAD7B /* SceneDelegate.swift */,
				E7CFCFF32CAADCFE000FAD7B /* ViewController.swift */,
			);
			path = Supports;
			sourceTree = "<group>";
		};
		E7CFD01A2CAADD24000FAD7B /* ViewModels */ = {
			isa = PBXGroup;
			children = (
				E7CFD0182CAADD24000FAD7B /* HomeVM.swift */,
				E7CFD0192CAADD24000FAD7B /* MetricsVM.swift */,
			);
			path = ViewModels;
			sourceTree = "<group>";
		};
		E7CFD01F2CAADD2E000FAD7B /* Control */ = {
			isa = PBXGroup;
			children = (
				E7CFD01D2CAADD2E000FAD7B /* LeadControlView.swift */,
				E7CFD01E2CAADD2E000FAD7B /* MemberControlScreen.swift */,
			);
			path = Control;
			sourceTree = "<group>";
		};
		E7CFD0212CAADD2E000FAD7B /* Metrics */ = {
			isa = PBXGroup;
			children = (
				E7CFD0202CAADD2E000FAD7B /* MetricsView.swift */,
			);
			path = Metrics;
			sourceTree = "<group>";
		};
		E7CFD0222CAADD2E000FAD7B /* SubViews */ = {
			isa = PBXGroup;
			children = (
				E7CFD01F2CAADD2E000FAD7B /* Control */,
				E7CFD0212CAADD2E000FAD7B /* Metrics */,
			);
			path = SubViews;
			sourceTree = "<group>";
		};
		E7CFD0262CAADD2E000FAD7B /* Screens */ = {
			isa = PBXGroup;
			children = (
				E7CFD0222CAADD2E000FAD7B /* SubViews */,
				E7CFD0232CAADD2E000FAD7B /* HomeScreen.swift */,
				E7CFD0242CAADD2E000FAD7B /* MetricsScreen.swift */,
				E7CFD0252CAADD2E000FAD7B /* SummaryScreen.swift */,
			);
			path = Screens;
			sourceTree = "<group>";
		};
		E7CFD0292CAADD2E000FAD7B /* Services */ = {
			isa = PBXGroup;
			children = (
				E7CFD0272CAADD2E000FAD7B /* NavigationServices.swift */,
				E7CFD0282CAADD2E000FAD7B /* UserServices.swift */,
			);
			path = Services;
			sourceTree = "<group>";
		};
		E7CFD02C2CAADD2E000FAD7B /* Button */ = {
			isa = PBXGroup;
			children = (
				E7CFD02A2CAADD2E000FAD7B /* HKCircleButton.swift */,
				E7CFD02B2CAADD2E000FAD7B /* HKTextButton.swift */,
			);
			path = Button;
			sourceTree = "<group>";
		};
		E7CFD02F2CAADD2E000FAD7B /* Text */ = {
			isa = PBXGroup;
			children = (
				E7CFD02D2CAADD2E000FAD7B /* HKMetricBiggerText.swift */,
				E7CFD02E2CAADD2E000FAD7B /* HKSummaryText.swift */,
			);
			path = Text;
			sourceTree = "<group>";
		};
		E7CFD0302CAADD2E000FAD7B /* Components */ = {
			isa = PBXGroup;
			children = (
				E7CFD02C2CAADD2E000FAD7B /* Button */,
				E7CFD02F2CAADD2E000FAD7B /* Text */,
			);
			path = Components;
			sourceTree = "<group>";
		};
		E7CFD0312CAADD2E000FAD7B /* Shareds */ = {
			isa = PBXGroup;
			children = (
				E7CFD0302CAADD2E000FAD7B /* Components */,
			);
			path = Shareds;
			sourceTree = "<group>";
		};
		E7CFD0402CAADD38000FAD7B /* Supports */ = {
			isa = PBXGroup;
			children = (
				E7CFD03E2CAADD38000FAD7B /* ContentView.swift */,
				E7CFD03F2CAADD38000FAD7B /* HaikinguApp.swift */,
			);
			path = Supports;
			sourceTree = "<group>";
		};
		E7CFD0442CAADD42000FAD7B /* Preview Content */ = {
			isa = PBXGroup;
			children = (
				E7CFD0432CAADD42000FAD7B /* Preview Assets.xcassets */,
			);
			path = "Preview Content";
			sourceTree = "<group>";
		};
		E7CFD04A2CAADDA6000FAD7B /* Frameworks */ = {
			isa = PBXGroup;
			children = (
			);
			name = Frameworks;
			sourceTree = "<group>";
		};
		E7D0BA262C9839AD00324E3D = {
			isa = PBXGroup;
			children = (
				E7D0BA312C9839AD00324E3D /* HaikinguApp */,
				E7D0BA4B2C9839CB00324E3D /* Haikingu Watch App */,
				E7CFD04A2CAADDA6000FAD7B /* Frameworks */,
				E7D0BA302C9839AD00324E3D /* Products */,
			);
			sourceTree = "<group>";
		};
		E7D0BA302C9839AD00324E3D /* Products */ = {
			isa = PBXGroup;
			children = (
				E7D0BA2F2C9839AD00324E3D /* HaikinguApp.app */,
				E7D0BA4A2C9839CB00324E3D /* Haikingu Watch App.app */,
			);
			name = Products;
			sourceTree = "<group>";
		};
		E7D0BA312C9839AD00324E3D /* HaikinguApp */ = {
			isa = PBXGroup;
			children = (
				E7CFCFB82CAADCFE000FAD7B /* LocalDataSources */,
				E7CFCFBF2CAADCFE000FAD7B /* Managers */,
				E7CFCFC52CAADCFE000FAD7B /* Models */,
				E7CFCFC92CAADCFE000FAD7B /* Resources */,
				E7CFCFDA2CAADCFE000FAD7B /* Screens */,
				E7CFCFDF2CAADCFE000FAD7B /* Services */,
				E7CFCFEE2CAADCFE000FAD7B /* Shareds */,
				E7CFCFF42CAADCFE000FAD7B /* Supports */,
				E7D0BA402C9839AF00324E3D /* Info.plist */,
			);
			path = HaikinguApp;
			sourceTree = "<group>";
		};
		E7D0BA4B2C9839CB00324E3D /* Haikingu Watch App */ = {
			isa = PBXGroup;
			children = (
				E7CFD0462CAADD4B000FAD7B /* Assets.xcassets */,
				E7CFD0442CAADD42000FAD7B /* Preview Content */,
				E7CFD0402CAADD38000FAD7B /* Supports */,
				E7CFD0262CAADD2E000FAD7B /* Screens */,
				E7CFD0292CAADD2E000FAD7B /* Services */,
				E7CFD0312CAADD2E000FAD7B /* Shareds */,
				E7CFD01A2CAADD24000FAD7B /* ViewModels */,
			);
			path = "Haikingu Watch App";
			sourceTree = "<group>";
		};
/* End PBXGroup section */

/* Begin PBXNativeTarget section */
		E7D0BA2E2C9839AD00324E3D /* HaikinguApp */ = {
			isa = PBXNativeTarget;
			buildConfigurationList = E7D0BA432C9839AF00324E3D /* Build configuration list for PBXNativeTarget "HaikinguApp" */;
			buildPhases = (
				E7D0BA2B2C9839AD00324E3D /* Sources */,
				E7D0BA2C2C9839AD00324E3D /* Frameworks */,
				E7D0BA2D2C9839AD00324E3D /* Resources */,
				E7D0BA5B2C9839CC00324E3D /* Embed Watch Content */,
			);
			buildRules = (
			);
			dependencies = (
				E7D0BA562C9839CC00324E3D /* PBXTargetDependency */,
			);
			name = HaikinguApp;
			productName = HaikinguApp;
			productReference = E7D0BA2F2C9839AD00324E3D /* HaikinguApp.app */;
			productType = "com.apple.product-type.application";
		};
		E7D0BA492C9839CB00324E3D /* Haikingu Watch App */ = {
			isa = PBXNativeTarget;
			buildConfigurationList = E7D0BA582C9839CC00324E3D /* Build configuration list for PBXNativeTarget "Haikingu Watch App" */;
			buildPhases = (
				E7D0BA462C9839CB00324E3D /* Sources */,
				E7D0BA472C9839CB00324E3D /* Frameworks */,
				E7D0BA482C9839CB00324E3D /* Resources */,
			);
			buildRules = (
			);
			dependencies = (
			);
			name = "Haikingu Watch App";
			productName = "Haikingu Watch App";
			productReference = E7D0BA4A2C9839CB00324E3D /* Haikingu Watch App.app */;
			productType = "com.apple.product-type.application";
		};
/* End PBXNativeTarget section */

/* Begin PBXProject section */
		E7D0BA272C9839AD00324E3D /* Project object */ = {
			isa = PBXProject;
			attributes = {
				BuildIndependentTargetsInParallel = 1;
				LastSwiftUpdateCheck = 1520;
				LastUpgradeCheck = 1520;
				TargetAttributes = {
					E7D0BA2E2C9839AD00324E3D = {
						CreatedOnToolsVersion = 15.2;
					};
					E7D0BA492C9839CB00324E3D = {
						CreatedOnToolsVersion = 15.2;
					};
				};
			};
			buildConfigurationList = E7D0BA2A2C9839AD00324E3D /* Build configuration list for PBXProject "HaikinguApp" */;
			compatibilityVersion = "Xcode 14.0";
			developmentRegion = en;
			hasScannedForEncodings = 0;
			knownRegions = (
				en,
				Base,
			);
			mainGroup = E7D0BA262C9839AD00324E3D;
			packageReferences = (
				E7CFD0482CAADD8F000FAD7B /* XCRemoteSwiftPackageReference "SnapKit" */,
				E7CFD0492CAADD9E000FAD7B /* XCRemoteSwiftPackageReference "Swinject" */,
			);
			productRefGroup = E7D0BA302C9839AD00324E3D /* Products */;
			projectDirPath = "";
			projectRoot = "";
			targets = (
				E7D0BA2E2C9839AD00324E3D /* HaikinguApp */,
				E7D0BA492C9839CB00324E3D /* Haikingu Watch App */,
			);
		};
/* End PBXProject section */

/* Begin PBXResourcesBuildPhase section */
		E7D0BA2D2C9839AD00324E3D /* Resources */ = {
			isa = PBXResourcesBuildPhase;
			buildActionMask = 2147483647;
			files = (
				E7CFCFF52CAADCFE000FAD7B /* Assets.xcassets in Resources */,
				E7CFCFF62CAADCFE000FAD7B /* Telaga Bidadari Batam.gpx in Resources */,
				E7CFCFF72CAADCFE000FAD7B /* LaunchScreen.storyboard in Resources */,
			);
			runOnlyForDeploymentPostprocessing = 0;
		};
		E7D0BA482C9839CB00324E3D /* Resources */ = {
			isa = PBXResourcesBuildPhase;
			buildActionMask = 2147483647;
			files = (
				E7CFD0472CAADD4B000FAD7B /* Assets.xcassets in Resources */,
				E7CFD0452CAADD42000FAD7B /* Preview Assets.xcassets in Resources */,
			);
			runOnlyForDeploymentPostprocessing = 0;
		};
/* End PBXResourcesBuildPhase section */

/* Begin PBXSourcesBuildPhase section */
		E7D0BA2B2C9839AD00324E3D /* Sources */ = {
			isa = PBXSourcesBuildPhase;
			buildActionMask = 2147483647;
			files = (
				E7CFCFF82CAADCFE000FAD7B /* CentralBLEService.swift in Sources */,
				E7CFCFF92CAADCFE000FAD7B /* Date+Extension.swift in Sources */,
				E7CFCFFA2CAADCFE000FAD7B /* PrimaryButton.swift in Sources */,
				E7CFCFFB2CAADCFE000FAD7B /* SecondaryButton.swift in Sources */,
				E7CFCFFC2CAADCFE000FAD7B /* HikerBLEManager.swift in Sources */,
				E7CFCFFD2CAADCFE000FAD7B /* SceneDelegate.swift in Sources */,
				E7CFCFFE2CAADCFE000FAD7B /* OnboardingHikingProfileVC.swift in Sources */,
				E7CFCFFF2CAADCFE000FAD7B /* HaikinguRequestReponse.swift in Sources */,
				E7CFD0002CAADCFE000FAD7B /* SampleLabel.swift in Sources */,
				E7CFD0012CAADCFE000FAD7B /* HealthService.swift in Sources */,
				E7CFD0022CAADCFE000FAD7B /* HikerBLEManager+Central+Extension.swift in Sources */,
				E7CFD0032CAADCFE000FAD7B /* HomeVC.swift in Sources */,
				E7CFD0042CAADCFE000FAD7B /* Hiker.swift in Sources */,
				E7CFD0052CAADCFE000FAD7B /* HikingInvitationVC.swift in Sources */,
				E7CFD0062CAADCFE000FAD7B /* SampleView.swift in Sources */,
				E7CFD0072CAADCFE000FAD7B /* HealthManager.swift in Sources */,
				E7CFD0082CAADCFE000FAD7B /* HomeVC+HikingInvitation+Extension.swift in Sources */,
				E7CFD0092CAADCFE000FAD7B /* SampleItemView.swift in Sources */,
				E7CFD00A2CAADCFE000FAD7B /* Swinject+Extension.swift in Sources */,
				E7CFD00B2CAADCFE000FAD7B /* SampleDB.swift in Sources */,
				E7CFD00C2CAADCFE000FAD7B /* OnboardingExtension.swift in Sources */,
				E7CFD00D2CAADCFE000FAD7B /* HaikinguServiceBLEUUID.swift in Sources */,
				E7CFD00E2CAADCFE000FAD7B /* HomeHeaderView.swift in Sources */,
				E7CFD00F2CAADCFE000FAD7B /* ViewController.swift in Sources */,
				E7CFD0102CAADCFE000FAD7B /* AppButton.swift in Sources */,
				E7CFD0112CAADCFE000FAD7B /* HikingModeControlView.swift in Sources */,
				E7EDAA452CAAE729006F3ED0 /* BackToHomeMessageView.swift in Sources */,
				E7CFD0122CAADCFE000FAD7B /* AppDelegate.swift in Sources */,
				E7CFD0132CAADCFE000FAD7B /* User.swift in Sources */,
				E7CFD0142CAADCFE000FAD7B /* HikerBLEManager+Peripheral+Extension.swift in Sources */,
				E7CFD0152CAADCFE000FAD7B /* AlterVC.swift in Sources */,
				E7CFD0162CAADCFE000FAD7B /* PeripheralBLEService.swift in Sources */,
				E7CFD0172CAADCFE000FAD7B /* TypeOfRestEnum.swift in Sources */,
			);
			runOnlyForDeploymentPostprocessing = 0;
		};
		E7D0BA462C9839CB00324E3D /* Sources */ = {
			isa = PBXSourcesBuildPhase;
			buildActionMask = 2147483647;
			files = (
				E7CFD0322CAADD2E000FAD7B /* HKMetricBiggerText.swift in Sources */,
				E7CFD0332CAADD2E000FAD7B /* MetricsScreen.swift in Sources */,
				E7CFD0342CAADD2E000FAD7B /* HKCircleButton.swift in Sources */,
				E7CFD0352CAADD2E000FAD7B /* MetricsView.swift in Sources */,
				E7CFD0362CAADD2E000FAD7B /* UserServices.swift in Sources */,
				E7CFD0372CAADD2E000FAD7B /* SummaryScreen.swift in Sources */,
				E7CFD0412CAADD38000FAD7B /* HaikinguApp.swift in Sources */,
				E7CFD0422CAADD38000FAD7B /* ContentView.swift in Sources */,
				E7CFD0382CAADD2E000FAD7B /* LeadControlView.swift in Sources */,
				E7CFD0392CAADD2E000FAD7B /* MemberControlScreen.swift in Sources */,
				E7CFD03A2CAADD2E000FAD7B /* HKSummaryText.swift in Sources */,
				E7CFD03B2CAADD2E000FAD7B /* HomeScreen.swift in Sources */,
				E7CFD03C2CAADD2E000FAD7B /* HKTextButton.swift in Sources */,
				E7CFD03D2CAADD2E000FAD7B /* NavigationServices.swift in Sources */,
				E7CFD01B2CAADD24000FAD7B /* MetricsVM.swift in Sources */,
				E7CFD01C2CAADD24000FAD7B /* HomeVM.swift in Sources */,
			);
			runOnlyForDeploymentPostprocessing = 0;
		};
/* End PBXSourcesBuildPhase section */

/* Begin PBXTargetDependency section */
		E7D0BA562C9839CC00324E3D /* PBXTargetDependency */ = {
			isa = PBXTargetDependency;
			target = E7D0BA492C9839CB00324E3D /* Haikingu Watch App */;
			targetProxy = E7D0BA552C9839CC00324E3D /* PBXContainerItemProxy */;
		};
/* End PBXTargetDependency section */

/* Begin PBXVariantGroup section */
		E7CFCFF12CAADCFE000FAD7B /* LaunchScreen.storyboard */ = {
			isa = PBXVariantGroup;
			children = (
				E7CFCFF02CAADCFE000FAD7B /* Base */,
			);
			name = LaunchScreen.storyboard;
			sourceTree = "<group>";
		};
/* End PBXVariantGroup section */

/* Begin XCBuildConfiguration section */
		E7D0BA412C9839AF00324E3D /* Debug */ = {
			isa = XCBuildConfiguration;
			buildSettings = {
				ALWAYS_SEARCH_USER_PATHS = NO;
				ASSETCATALOG_COMPILER_GENERATE_SWIFT_ASSET_SYMBOL_EXTENSIONS = YES;
				CLANG_ANALYZER_NONNULL = YES;
				CLANG_ANALYZER_NUMBER_OBJECT_CONVERSION = YES_AGGRESSIVE;
				CLANG_CXX_LANGUAGE_STANDARD = "gnu++20";
				CLANG_ENABLE_MODULES = YES;
				CLANG_ENABLE_OBJC_ARC = YES;
				CLANG_ENABLE_OBJC_WEAK = YES;
				CLANG_WARN_BLOCK_CAPTURE_AUTORELEASING = YES;
				CLANG_WARN_BOOL_CONVERSION = YES;
				CLANG_WARN_COMMA = YES;
				CLANG_WARN_CONSTANT_CONVERSION = YES;
				CLANG_WARN_DEPRECATED_OBJC_IMPLEMENTATIONS = YES;
				CLANG_WARN_DIRECT_OBJC_ISA_USAGE = YES_ERROR;
				CLANG_WARN_DOCUMENTATION_COMMENTS = YES;
				CLANG_WARN_EMPTY_BODY = YES;
				CLANG_WARN_ENUM_CONVERSION = YES;
				CLANG_WARN_INFINITE_RECURSION = YES;
				CLANG_WARN_INT_CONVERSION = YES;
				CLANG_WARN_NON_LITERAL_NULL_CONVERSION = YES;
				CLANG_WARN_OBJC_IMPLICIT_RETAIN_SELF = YES;
				CLANG_WARN_OBJC_LITERAL_CONVERSION = YES;
				CLANG_WARN_OBJC_ROOT_CLASS = YES_ERROR;
				CLANG_WARN_QUOTED_INCLUDE_IN_FRAMEWORK_HEADER = YES;
				CLANG_WARN_RANGE_LOOP_ANALYSIS = YES;
				CLANG_WARN_STRICT_PROTOTYPES = YES;
				CLANG_WARN_SUSPICIOUS_MOVE = YES;
				CLANG_WARN_UNGUARDED_AVAILABILITY = YES_AGGRESSIVE;
				CLANG_WARN_UNREACHABLE_CODE = YES;
				CLANG_WARN__DUPLICATE_METHOD_MATCH = YES;
				COPY_PHASE_STRIP = NO;
				DEBUG_INFORMATION_FORMAT = dwarf;
				ENABLE_STRICT_OBJC_MSGSEND = YES;
				ENABLE_TESTABILITY = YES;
				ENABLE_USER_SCRIPT_SANDBOXING = YES;
				GCC_C_LANGUAGE_STANDARD = gnu17;
				GCC_DYNAMIC_NO_PIC = NO;
				GCC_NO_COMMON_BLOCKS = YES;
				GCC_OPTIMIZATION_LEVEL = 0;
				GCC_PREPROCESSOR_DEFINITIONS = (
					"DEBUG=1",
					"$(inherited)",
				);
				GCC_WARN_64_TO_32_BIT_CONVERSION = YES;
				GCC_WARN_ABOUT_RETURN_TYPE = YES_ERROR;
				GCC_WARN_UNDECLARED_SELECTOR = YES;
				GCC_WARN_UNINITIALIZED_AUTOS = YES_AGGRESSIVE;
				GCC_WARN_UNUSED_FUNCTION = YES;
				GCC_WARN_UNUSED_VARIABLE = YES;
				IPHONEOS_DEPLOYMENT_TARGET = 17.2;
				LOCALIZATION_PREFERS_STRING_CATALOGS = YES;
				MTL_ENABLE_DEBUG_INFO = INCLUDE_SOURCE;
				MTL_FAST_MATH = YES;
				ONLY_ACTIVE_ARCH = YES;
				SDKROOT = iphoneos;
				SWIFT_ACTIVE_COMPILATION_CONDITIONS = "DEBUG $(inherited)";
				SWIFT_OPTIMIZATION_LEVEL = "-Onone";
			};
			name = Debug;
		};
		E7D0BA422C9839AF00324E3D /* Release */ = {
			isa = XCBuildConfiguration;
			buildSettings = {
				ALWAYS_SEARCH_USER_PATHS = NO;
				ASSETCATALOG_COMPILER_GENERATE_SWIFT_ASSET_SYMBOL_EXTENSIONS = YES;
				CLANG_ANALYZER_NONNULL = YES;
				CLANG_ANALYZER_NUMBER_OBJECT_CONVERSION = YES_AGGRESSIVE;
				CLANG_CXX_LANGUAGE_STANDARD = "gnu++20";
				CLANG_ENABLE_MODULES = YES;
				CLANG_ENABLE_OBJC_ARC = YES;
				CLANG_ENABLE_OBJC_WEAK = YES;
				CLANG_WARN_BLOCK_CAPTURE_AUTORELEASING = YES;
				CLANG_WARN_BOOL_CONVERSION = YES;
				CLANG_WARN_COMMA = YES;
				CLANG_WARN_CONSTANT_CONVERSION = YES;
				CLANG_WARN_DEPRECATED_OBJC_IMPLEMENTATIONS = YES;
				CLANG_WARN_DIRECT_OBJC_ISA_USAGE = YES_ERROR;
				CLANG_WARN_DOCUMENTATION_COMMENTS = YES;
				CLANG_WARN_EMPTY_BODY = YES;
				CLANG_WARN_ENUM_CONVERSION = YES;
				CLANG_WARN_INFINITE_RECURSION = YES;
				CLANG_WARN_INT_CONVERSION = YES;
				CLANG_WARN_NON_LITERAL_NULL_CONVERSION = YES;
				CLANG_WARN_OBJC_IMPLICIT_RETAIN_SELF = YES;
				CLANG_WARN_OBJC_LITERAL_CONVERSION = YES;
				CLANG_WARN_OBJC_ROOT_CLASS = YES_ERROR;
				CLANG_WARN_QUOTED_INCLUDE_IN_FRAMEWORK_HEADER = YES;
				CLANG_WARN_RANGE_LOOP_ANALYSIS = YES;
				CLANG_WARN_STRICT_PROTOTYPES = YES;
				CLANG_WARN_SUSPICIOUS_MOVE = YES;
				CLANG_WARN_UNGUARDED_AVAILABILITY = YES_AGGRESSIVE;
				CLANG_WARN_UNREACHABLE_CODE = YES;
				CLANG_WARN__DUPLICATE_METHOD_MATCH = YES;
				COPY_PHASE_STRIP = NO;
				DEBUG_INFORMATION_FORMAT = "dwarf-with-dsym";
				ENABLE_NS_ASSERTIONS = NO;
				ENABLE_STRICT_OBJC_MSGSEND = YES;
				ENABLE_USER_SCRIPT_SANDBOXING = YES;
				GCC_C_LANGUAGE_STANDARD = gnu17;
				GCC_NO_COMMON_BLOCKS = YES;
				GCC_WARN_64_TO_32_BIT_CONVERSION = YES;
				GCC_WARN_ABOUT_RETURN_TYPE = YES_ERROR;
				GCC_WARN_UNDECLARED_SELECTOR = YES;
				GCC_WARN_UNINITIALIZED_AUTOS = YES_AGGRESSIVE;
				GCC_WARN_UNUSED_FUNCTION = YES;
				GCC_WARN_UNUSED_VARIABLE = YES;
				IPHONEOS_DEPLOYMENT_TARGET = 17.2;
				LOCALIZATION_PREFERS_STRING_CATALOGS = YES;
				MTL_ENABLE_DEBUG_INFO = NO;
				MTL_FAST_MATH = YES;
				SDKROOT = iphoneos;
				SWIFT_COMPILATION_MODE = wholemodule;
				SWIFT_OPTIMIZATION_LEVEL = "-Onone";
				VALIDATE_PRODUCT = YES;
			};
			name = Release;
		};
		E7D0BA442C9839AF00324E3D /* Debug */ = {
			isa = XCBuildConfiguration;
			buildSettings = {
				ASSETCATALOG_COMPILER_APPICON_NAME = AppIcon;
				ASSETCATALOG_COMPILER_GLOBAL_ACCENT_COLOR_NAME = AccentColor;
				"CODE_SIGN_IDENTITY[sdk=iphoneos*]" = "iPhone Developer";
				CODE_SIGN_STYLE = Manual;
				CURRENT_PROJECT_VERSION = 1;
				DEVELOPMENT_TEAM = "";
				"DEVELOPMENT_TEAM[sdk=iphoneos*]" = 57BYB3NG56;
				GENERATE_INFOPLIST_FILE = YES;
				INFOPLIST_FILE = HaikinguApp/Info.plist;
				INFOPLIST_KEY_UIApplicationSupportsIndirectInputEvents = YES;
				INFOPLIST_KEY_UILaunchStoryboardName = LaunchScreen;
				INFOPLIST_KEY_UISupportedInterfaceOrientations_iPad = "UIInterfaceOrientationPortrait UIInterfaceOrientationPortraitUpsideDown UIInterfaceOrientationLandscapeLeft UIInterfaceOrientationLandscapeRight";
				INFOPLIST_KEY_UISupportedInterfaceOrientations_iPhone = "UIInterfaceOrientationPortrait UIInterfaceOrientationLandscapeLeft UIInterfaceOrientationLandscapeRight";
				IPHONEOS_DEPLOYMENT_TARGET = 17.0;
				LD_RUNPATH_SEARCH_PATHS = (
					"$(inherited)",
					"@executable_path/Frameworks",
				);
				MARKETING_VERSION = 1.0;
				PRODUCT_BUNDLE_IDENTIFIER = com.almond.Haikingu;
				PRODUCT_NAME = "$(TARGET_NAME)";
				PROVISIONING_PROFILE_SPECIFIER = "";
				"PROVISIONING_PROFILE_SPECIFIER[sdk=iphoneos*]" = "Haikingu - Dev - iOS";
				SWIFT_EMIT_LOC_STRINGS = YES;
				SWIFT_VERSION = 5.0;
				TARGETED_DEVICE_FAMILY = "1,2";
			};
			name = Debug;
		};
		E7D0BA452C9839AF00324E3D /* Release */ = {
			isa = XCBuildConfiguration;
			buildSettings = {
				ASSETCATALOG_COMPILER_APPICON_NAME = AppIcon;
				ASSETCATALOG_COMPILER_GLOBAL_ACCENT_COLOR_NAME = AccentColor;
				"CODE_SIGN_IDENTITY[sdk=iphoneos*]" = "iPhone Developer";
				CODE_SIGN_STYLE = Manual;
				CURRENT_PROJECT_VERSION = 1;
				DEVELOPMENT_TEAM = "";
				"DEVELOPMENT_TEAM[sdk=iphoneos*]" = 57BYB3NG56;
				GENERATE_INFOPLIST_FILE = YES;
				INFOPLIST_FILE = HaikinguApp/Info.plist;
				INFOPLIST_KEY_UIApplicationSupportsIndirectInputEvents = YES;
				INFOPLIST_KEY_UILaunchStoryboardName = LaunchScreen;
				INFOPLIST_KEY_UISupportedInterfaceOrientations_iPad = "UIInterfaceOrientationPortrait UIInterfaceOrientationPortraitUpsideDown UIInterfaceOrientationLandscapeLeft UIInterfaceOrientationLandscapeRight";
				INFOPLIST_KEY_UISupportedInterfaceOrientations_iPhone = "UIInterfaceOrientationPortrait UIInterfaceOrientationLandscapeLeft UIInterfaceOrientationLandscapeRight";
				IPHONEOS_DEPLOYMENT_TARGET = 17.0;
				LD_RUNPATH_SEARCH_PATHS = (
					"$(inherited)",
					"@executable_path/Frameworks",
				);
				MARKETING_VERSION = 1.0;
				PRODUCT_BUNDLE_IDENTIFIER = com.almond.Haikingu;
				PRODUCT_NAME = "$(TARGET_NAME)";
				PROVISIONING_PROFILE_SPECIFIER = "";
				"PROVISIONING_PROFILE_SPECIFIER[sdk=iphoneos*]" = "Haikingu - Dev - iOS";
				SWIFT_EMIT_LOC_STRINGS = YES;
				SWIFT_VERSION = 5.0;
				TARGETED_DEVICE_FAMILY = "1,2";
			};
			name = Release;
		};
		E7D0BA592C9839CC00324E3D /* Debug */ = {
			isa = XCBuildConfiguration;
			buildSettings = {
				ASSETCATALOG_COMPILER_APPICON_NAME = AppIcon;
				ASSETCATALOG_COMPILER_GLOBAL_ACCENT_COLOR_NAME = AccentColor;
				"CODE_SIGN_IDENTITY[sdk=watchos*]" = "iPhone Developer";
				CODE_SIGN_STYLE = Manual;
				CURRENT_PROJECT_VERSION = 1;
				DEVELOPMENT_ASSET_PATHS = "\"Haikingu Watch App/Preview Content\"";
				DEVELOPMENT_TEAM = "";
				"DEVELOPMENT_TEAM[sdk=watchos*]" = 57BYB3NG56;
				ENABLE_PREVIEWS = YES;
				GENERATE_INFOPLIST_FILE = YES;
				INFOPLIST_KEY_CFBundleDisplayName = Haikingu;
				INFOPLIST_KEY_UISupportedInterfaceOrientations = "UIInterfaceOrientationPortrait UIInterfaceOrientationPortraitUpsideDown";
				INFOPLIST_KEY_WKCompanionAppBundleIdentifier = com.almond.Haikingu;
				LD_RUNPATH_SEARCH_PATHS = (
					"$(inherited)",
					"@executable_path/Frameworks",
				);
				MARKETING_VERSION = 1.0;
				PRODUCT_BUNDLE_IDENTIFIER = com.almond.Haikingu.watchkitapp;
				PRODUCT_NAME = "$(TARGET_NAME)";
				PROVISIONING_PROFILE_SPECIFIER = "";
				"PROVISIONING_PROFILE_SPECIFIER[sdk=watchos*]" = "Haikingu - Dev - Watch";
				SDKROOT = watchos;
				SKIP_INSTALL = YES;
				SWIFT_EMIT_LOC_STRINGS = YES;
				SWIFT_VERSION = 5.0;
				TARGETED_DEVICE_FAMILY = 4;
				WATCHOS_DEPLOYMENT_TARGET = 10.2;
			};
			name = Debug;
		};
		E7D0BA5A2C9839CC00324E3D /* Release */ = {
			isa = XCBuildConfiguration;
			buildSettings = {
				ASSETCATALOG_COMPILER_APPICON_NAME = AppIcon;
				ASSETCATALOG_COMPILER_GLOBAL_ACCENT_COLOR_NAME = AccentColor;
				"CODE_SIGN_IDENTITY[sdk=watchos*]" = "iPhone Developer";
				CODE_SIGN_STYLE = Manual;
				CURRENT_PROJECT_VERSION = 1;
				DEVELOPMENT_ASSET_PATHS = "\"Haikingu Watch App/Preview Content\"";
				DEVELOPMENT_TEAM = "";
				"DEVELOPMENT_TEAM[sdk=watchos*]" = 57BYB3NG56;
				ENABLE_PREVIEWS = YES;
				GENERATE_INFOPLIST_FILE = YES;
				INFOPLIST_KEY_CFBundleDisplayName = Haikingu;
				INFOPLIST_KEY_UISupportedInterfaceOrientations = "UIInterfaceOrientationPortrait UIInterfaceOrientationPortraitUpsideDown";
				INFOPLIST_KEY_WKCompanionAppBundleIdentifier = com.almond.Haikingu;
				LD_RUNPATH_SEARCH_PATHS = (
					"$(inherited)",
					"@executable_path/Frameworks",
				);
				MARKETING_VERSION = 1.0;
				PRODUCT_BUNDLE_IDENTIFIER = com.almond.Haikingu.watchkitapp;
				PRODUCT_NAME = "$(TARGET_NAME)";
				PROVISIONING_PROFILE_SPECIFIER = "";
				"PROVISIONING_PROFILE_SPECIFIER[sdk=watchos*]" = "Haikingu - Dev - Watch";
				SDKROOT = watchos;
				SKIP_INSTALL = YES;
				SWIFT_EMIT_LOC_STRINGS = YES;
				SWIFT_VERSION = 5.0;
				TARGETED_DEVICE_FAMILY = 4;
				WATCHOS_DEPLOYMENT_TARGET = 10.2;
			};
			name = Release;
		};
/* End XCBuildConfiguration section */

/* Begin XCConfigurationList section */
		E7D0BA2A2C9839AD00324E3D /* Build configuration list for PBXProject "HaikinguApp" */ = {
			isa = XCConfigurationList;
			buildConfigurations = (
				E7D0BA412C9839AF00324E3D /* Debug */,
				E7D0BA422C9839AF00324E3D /* Release */,
			);
			defaultConfigurationIsVisible = 0;
			defaultConfigurationName = Release;
		};
		E7D0BA432C9839AF00324E3D /* Build configuration list for PBXNativeTarget "HaikinguApp" */ = {
			isa = XCConfigurationList;
			buildConfigurations = (
				E7D0BA442C9839AF00324E3D /* Debug */,
				E7D0BA452C9839AF00324E3D /* Release */,
			);
			defaultConfigurationIsVisible = 0;
			defaultConfigurationName = Release;
		};
		E7D0BA582C9839CC00324E3D /* Build configuration list for PBXNativeTarget "Haikingu Watch App" */ = {
			isa = XCConfigurationList;
			buildConfigurations = (
				E7D0BA592C9839CC00324E3D /* Debug */,
				E7D0BA5A2C9839CC00324E3D /* Release */,
			);
			defaultConfigurationIsVisible = 0;
			defaultConfigurationName = Release;
		};
/* End XCConfigurationList section */

/* Begin XCRemoteSwiftPackageReference section */
		E7CFD0482CAADD8F000FAD7B /* XCRemoteSwiftPackageReference "SnapKit" */ = {
			isa = XCRemoteSwiftPackageReference;
			repositoryURL = "https://github.com/SnapKit/SnapKit";
			requirement = {
				kind = upToNextMajorVersion;
				minimumVersion = 5.7.1;
			};
		};
		E7CFD0492CAADD9E000FAD7B /* XCRemoteSwiftPackageReference "Swinject" */ = {
			isa = XCRemoteSwiftPackageReference;
			repositoryURL = "https://github.com/Swinject/Swinject.git";
			requirement = {
				kind = upToNextMajorVersion;
				minimumVersion = 2.9.1;
			};
		};
/* End XCRemoteSwiftPackageReference section */

/* Begin XCSwiftPackageProductDependency section */
		E7CFD04B2CAADDA6000FAD7B /* SnapKit */ = {
			isa = XCSwiftPackageProductDependency;
			package = E7CFD0482CAADD8F000FAD7B /* XCRemoteSwiftPackageReference "SnapKit" */;
			productName = SnapKit;
		};
		E7CFD04D2CAADDAA000FAD7B /* Swinject */ = {
			isa = XCSwiftPackageProductDependency;
			package = E7CFD0492CAADD9E000FAD7B /* XCRemoteSwiftPackageReference "Swinject" */;
			productName = Swinject;
		};
		E7CFD04F2CAADDAF000FAD7B /* Swinject */ = {
			isa = XCSwiftPackageProductDependency;
			package = E7CFD0492CAADD9E000FAD7B /* XCRemoteSwiftPackageReference "Swinject" */;
			productName = Swinject;
		};
/* End XCSwiftPackageProductDependency section */
	};
	rootObject = E7D0BA272C9839AD00324E3D /* Project object */;
}
