// !$*UTF8*$!
{
	archiveVersion = 1;
	classes = {
	};
	objectVersion = 56;
	objects = {

/* Begin PBXBuildFile section */
		035DA5672CAC935C0044BF26 /* SplashScreen.swift in Sources */ = {isa = PBXBuildFile; fileRef = 035DA5662CAC935C0044BF26 /* SplashScreen.swift */; };
		035DA5692CAD1DAC0044BF26 /* UserDefaultService.swift in Sources */ = {isa = PBXBuildFile; fileRef = 035DA5682CAD1DA40044BF26 /* UserDefaultService.swift */; };
		035DA56B2CAD215D0044BF26 /* UserDefaultManager.swift in Sources */ = {isa = PBXBuildFile; fileRef = 035DA56A2CAD21570044BF26 /* UserDefaultManager.swift */; };
		8A994CAC2CAC62E3006CF73B /* SwinjectWatchos+extension.swift in Sources */ = {isa = PBXBuildFile; fileRef = 8A994CAB2CAC62E3006CF73B /* SwinjectWatchos+extension.swift */; };
		8A994CAE2CAC638B006CF73B /* Inject.swift in Sources */ = {isa = PBXBuildFile; fileRef = 8A994CAD2CAC638B006CF73B /* Inject.swift */; };
		8A994CB12CAD0F29006CF73B /* WorkoutServiceWatchOS.swift in Sources */ = {isa = PBXBuildFile; fileRef = 8A994CB02CAD0F29006CF73B /* WorkoutServiceWatchOS.swift */; };
		8A994CB32CAD4072006CF73B /* MetricsTimelineSchedule.swift in Sources */ = {isa = PBXBuildFile; fileRef = 8A994CB22CAD4072006CF73B /* MetricsTimelineSchedule.swift */; };
		8A994CB52CAD4747006CF73B /* ElapsedTimeView.swift in Sources */ = {isa = PBXBuildFile; fileRef = 8A994CB42CAD4747006CF73B /* ElapsedTimeView.swift */; };
		8A994CB72CAD50EF006CF73B /* RemainingTimeView.swift in Sources */ = {isa = PBXBuildFile; fileRef = 8A994CB62CAD50EF006CF73B /* RemainingTimeView.swift */; };
		8A994CB92CADA4C9006CF73B /* AppDelegate.swift in Sources */ = {isa = PBXBuildFile; fileRef = 8A994CB82CADA4C9006CF73B /* AppDelegate.swift */; };
		8A994CBC2CADD190006CF73B /* HKWorkout+Statistics+Extension.swift in Sources */ = {isa = PBXBuildFile; fileRef = 8A994CBB2CADD190006CF73B /* HKWorkout+Statistics+Extension.swift */; };
		8A994CBD2CADD190006CF73B /* HKWorkout+Statistics+Extension.swift in Sources */ = {isa = PBXBuildFile; fileRef = 8A994CBB2CADD190006CF73B /* HKWorkout+Statistics+Extension.swift */; };
		8AA599852CB00DA5004C154A /* DestinationModel.swift in Sources */ = {isa = PBXBuildFile; fileRef = E73E7EE32CAC7FE400C51B9D /* DestinationModel.swift */; };
		8AF3B98C2CAAF620008C5891 /* WorkoutManager+watchOS+Extension.swift in Sources */ = {isa = PBXBuildFile; fileRef = 8AF3B98B2CAAF620008C5891 /* WorkoutManager+watchOS+Extension.swift */; };
		E73E7F4D2CAC7FE400C51B9D /* SampleItemView.swift in Sources */ = {isa = PBXBuildFile; fileRef = E73E7F3F2CAC7FE400C51B9D /* SampleItemView.swift */; };
		E73E7F4E2CAC7FE400C51B9D /* HomeVC.swift in Sources */ = {isa = PBXBuildFile; fileRef = E73E7F192CAC7FE400C51B9D /* HomeVC.swift */; };
		E73E7F4F2CAC7FE400C51B9D /* HikingSummaryView.swift in Sources */ = {isa = PBXBuildFile; fileRef = E73E7EF02CAC7FE400C51B9D /* HikingSummaryView.swift */; };
		E73E7F502CAC7FE400C51B9D /* OnboardingHikingProfileVC.swift in Sources */ = {isa = PBXBuildFile; fileRef = E73E7F222CAC7FE400C51B9D /* OnboardingHikingProfileVC.swift */; };
		E73E7F512CAC7FE400C51B9D /* DetailDestinationVC+BLE+Extension.swift in Sources */ = {isa = PBXBuildFile; fileRef = E73E7EFC2CAC7FE400C51B9D /* DetailDestinationVC+BLE+Extension.swift */; };
		E73E7F522CAC7FE400C51B9D /* IconButton.swift in Sources */ = {isa = PBXBuildFile; fileRef = E73E7F312CAC7FE400C51B9D /* IconButton.swift */; };
		E73E7F532CAC7FE400C51B9D /* NotificationManager.swift in Sources */ = {isa = PBXBuildFile; fileRef = E73E7EE02CAC7FE400C51B9D /* NotificationManager.swift */; };
		E73E7F542CAC7FE400C51B9D /* PrimaryButton.swift in Sources */ = {isa = PBXBuildFile; fileRef = E73E7F322CAC7FE400C51B9D /* PrimaryButton.swift */; };
		E73E7F552CAC7FE400C51B9D /* TeamsView.swift in Sources */ = {isa = PBXBuildFile; fileRef = E73E7F402CAC7FE400C51B9D /* TeamsView.swift */; };
		E73E7F562CAC7FE400C51B9D /* SceneDelegate.swift in Sources */ = {isa = PBXBuildFile; fileRef = E73E7F4A2CAC7FE400C51B9D /* SceneDelegate.swift */; };
		E73E7F572CAC7FE400C51B9D /* CongratsSharableVC.swift in Sources */ = {isa = PBXBuildFile; fileRef = E73E7EF32CAC7FE400C51B9D /* CongratsSharableVC.swift */; };
		E73E7F582CAC7FE400C51B9D /* HomeHeaderView.swift in Sources */ = {isa = PBXBuildFile; fileRef = E73E7F162CAC7FE400C51B9D /* HomeHeaderView.swift */; };
		E73E7F592CAC7FE400C51B9D /* TextIconButton.swift in Sources */ = {isa = PBXBuildFile; fileRef = E73E7F342CAC7FE400C51B9D /* TextIconButton.swift */; };
		E73E7F5A2CAC7FE400C51B9D /* AppButton.swift in Sources */ = {isa = PBXBuildFile; fileRef = E73E7F302CAC7FE400C51B9D /* AppButton.swift */; };
		E73E7F5B2CAC7FE400C51B9D /* HikerGridView.swift in Sources */ = {isa = PBXBuildFile; fileRef = E73E7F002CAC7FE400C51B9D /* HikerGridView.swift */; };
		E73E7F5C2CAC7FE400C51B9D /* SecondaryButton.swift in Sources */ = {isa = PBXBuildFile; fileRef = E73E7F332CAC7FE400C51B9D /* SecondaryButton.swift */; };
		E73E7F5D2CAC7FE400C51B9D /* DestinationListVC.swift in Sources */ = {isa = PBXBuildFile; fileRef = E73E7EF92CAC7FE400C51B9D /* DestinationListVC.swift */; };
		E73E7F5E2CAC7FE400C51B9D /* AddFriendVC.swift in Sources */ = {isa = PBXBuildFile; fileRef = E73E7F022CAC7FE400C51B9D /* AddFriendVC.swift */; };
		E73E7F5F2CAC7FE400C51B9D /* OnboardingHealthAccessVC.swift in Sources */ = {isa = PBXBuildFile; fileRef = E73E7F212CAC7FE400C51B9D /* OnboardingHealthAccessVC.swift */; };
		E73E7F602CAC7FE400C51B9D /* DetailDestinationView.swift in Sources */ = {isa = PBXBuildFile; fileRef = E73E7EFE2CAC7FE400C51B9D /* DetailDestinationView.swift */; };
		E73E7F612CAC7FE400C51B9D /* HaikinguServiceBLEUUID.swift in Sources */ = {isa = PBXBuildFile; fileRef = E73E7EE52CAC7FE400C51B9D /* HaikinguServiceBLEUUID.swift */; };
		E73E7F622CAC7FE400C51B9D /* HeaderView.swift in Sources */ = {isa = PBXBuildFile; fileRef = E73E7F0B2CAC7FE400C51B9D /* HeaderView.swift */; };
		E73E7F632CAC7FE400C51B9D /* HikerBLEManager+Peripheral+Extension.swift in Sources */ = {isa = PBXBuildFile; fileRef = E73E7EDB2CAC7FE400C51B9D /* HikerBLEManager+Peripheral+Extension.swift */; };
		E73E7F642CAC7FE400C51B9D /* HeaderCongratsView.swift in Sources */ = {isa = PBXBuildFile; fileRef = E73E7EEF2CAC7FE400C51B9D /* HeaderCongratsView.swift */; };
		E73E7F652CAC7FE400C51B9D /* DetailEstTimeVC.swift in Sources */ = {isa = PBXBuildFile; fileRef = E73E7F3B2CAC7FE400C51B9D /* DetailEstTimeVC.swift */; };
		E73E7F662CAC7FE400C51B9D /* Date+Extension.swift in Sources */ = {isa = PBXBuildFile; fileRef = E73E7F432CAC7FE400C51B9D /* Date+Extension.swift */; };
		E73E7F672CAC7FE400C51B9D /* HikingCell.swift in Sources */ = {isa = PBXBuildFile; fileRef = E73E7EF72CAC7FE400C51B9D /* HikingCell.swift */; };
		E73E7F682CAC7FE400C51B9D /* PersonImageView.swift in Sources */ = {isa = PBXBuildFile; fileRef = E73E7F3E2CAC7FE400C51B9D /* PersonImageView.swift */; };
		E73E7F692CAC7FE400C51B9D /* TimeElapsedView.swift in Sources */ = {isa = PBXBuildFile; fileRef = E73E7F0C2CAC7FE400C51B9D /* TimeElapsedView.swift */; };
		E73E7F6A2CAC7FE400C51B9D /* User.swift in Sources */ = {isa = PBXBuildFile; fileRef = E73E7EE82CAC7FE400C51B9D /* User.swift */; };
		E73E7F6B2CAC7FE400C51B9D /* HikerCell.swift in Sources */ = {isa = PBXBuildFile; fileRef = E73E7EFF2CAC7FE400C51B9D /* HikerCell.swift */; };
		E73E7F6C2CAC7FE400C51B9D /* SampleDB.swift in Sources */ = {isa = PBXBuildFile; fileRef = E73E7ED82CAC7FE400C51B9D /* SampleDB.swift */; };
		E73E7F6D2CAC7FE400C51B9D /* ReminderTitleView.swift in Sources */ = {isa = PBXBuildFile; fileRef = E73E7EF12CAC7FE400C51B9D /* ReminderTitleView.swift */; };
		E73E7F6E2CAC7FE400C51B9D /* BackToHomeMessageView.swift in Sources */ = {isa = PBXBuildFile; fileRef = E73E7F142CAC7FE400C51B9D /* BackToHomeMessageView.swift */; };
		E73E7F6F2CAC7FE400C51B9D /* FooterView.swift in Sources */ = {isa = PBXBuildFile; fileRef = E73E7F0A2CAC7FE400C51B9D /* FooterView.swift */; };
		E73E7F702CAC7FE400C51B9D /* PeripheralBLEService.swift in Sources */ = {isa = PBXBuildFile; fileRef = E73E7F2A2CAC7FE400C51B9D /* PeripheralBLEService.swift */; };
		E73E7F712CAC7FE400C51B9D /* OnboardingIntroductionVC.swift in Sources */ = {isa = PBXBuildFile; fileRef = E73E7F232CAC7FE400C51B9D /* OnboardingIntroductionVC.swift */; };
		E73E7F722CAC7FE400C51B9D /* CentralBLEService.swift in Sources */ = {isa = PBXBuildFile; fileRef = E73E7F292CAC7FE400C51B9D /* CentralBLEService.swift */; };
		E73E7F732CAC7FE400C51B9D /* SampleView.swift in Sources */ = {isa = PBXBuildFile; fileRef = E73E7F1E2CAC7FE400C51B9D /* SampleView.swift */; };
		E73E7F742CAC7FE400C51B9D /* BodyView.swift in Sources */ = {isa = PBXBuildFile; fileRef = E73E7F092CAC7FE400C51B9D /* BodyView.swift */; };
		E73E7F762CAC7FE400C51B9D /* CustomCell.swift in Sources */ = {isa = PBXBuildFile; fileRef = E73E7EEE2CAC7FE400C51B9D /* CustomCell.swift */; };
		E73E7F772CAC7FE400C51B9D /* HikerBLEManager+Central+Extension.swift in Sources */ = {isa = PBXBuildFile; fileRef = E73E7EDA2CAC7FE400C51B9D /* HikerBLEManager+Central+Extension.swift */; };
		E73E7F782CAC7FE400C51B9D /* HikerBLEManager.swift in Sources */ = {isa = PBXBuildFile; fileRef = E73E7EDD2CAC7FE400C51B9D /* HikerBLEManager.swift */; };
		E73E7F792CAC7FE400C51B9D /* HikingSessionVC.swift in Sources */ = {isa = PBXBuildFile; fileRef = E73E7F0E2CAC7FE400C51B9D /* HikingSessionVC.swift */; };
		E73E7F7A2CAC7FE400C51B9D /* OnboardingExtension.swift in Sources */ = {isa = PBXBuildFile; fileRef = E73E7F1C2CAC7FE400C51B9D /* OnboardingExtension.swift */; };
		E73E7F7B2CAC7FE400C51B9D /* WorkoutServiceIos.swift in Sources */ = {isa = PBXBuildFile; fileRef = E73E7F2E2CAC7FE400C51B9D /* WorkoutServiceIos.swift */; };
		E73E7F7C2CAC7FE400C51B9D /* AppDelegate.swift in Sources */ = {isa = PBXBuildFile; fileRef = E73E7F472CAC7FE400C51B9D /* AppDelegate.swift */; };
		E73E7F7D2CAC7FE400C51B9D /* HomeVC+BLE+Extension.swift in Sources */ = {isa = PBXBuildFile; fileRef = E73E7F112CAC7FE400C51B9D /* HomeVC+BLE+Extension.swift */; };
		E73E7F7E2CAC7FE400C51B9D /* HaikinguRequestReponse.swift in Sources */ = {isa = PBXBuildFile; fileRef = E73E7EE42CAC7FE400C51B9D /* HaikinguRequestReponse.swift */; };
		E73E7F7F2CAC7FE400C51B9D /* HealthService.swift in Sources */ = {isa = PBXBuildFile; fileRef = E73E7F2C2CAC7FE400C51B9D /* HealthService.swift */; };
		E73E7F802CAC7FE400C51B9D /* Hiker.swift in Sources */ = {isa = PBXBuildFile; fileRef = E73E7EE62CAC7FE400C51B9D /* Hiker.swift */; };
		E73E7F812CAC7FE400C51B9D /* DestinationModel.swift in Sources */ = {isa = PBXBuildFile; fileRef = E73E7EE32CAC7FE400C51B9D /* DestinationModel.swift */; };
		E73E7F822CAC7FE400C51B9D /* HikingInvitationVC.swift in Sources */ = {isa = PBXBuildFile; fileRef = E73E7F182CAC7FE400C51B9D /* HikingInvitationVC.swift */; };
		E73E7F832CAC7FE400C51B9D /* TypeOfRestEnum.swift in Sources */ = {isa = PBXBuildFile; fileRef = E73E7EE72CAC7FE400C51B9D /* TypeOfRestEnum.swift */; };
		E73E7F842CAC7FE400C51B9D /* HikingModeControlView.swift in Sources */ = {isa = PBXBuildFile; fileRef = E73E7F152CAC7FE400C51B9D /* HikingModeControlView.swift */; };
		E73E7F852CAC7FE400C51B9D /* HomeVC+HikingInvitation+Extension.swift in Sources */ = {isa = PBXBuildFile; fileRef = E73E7F122CAC7FE400C51B9D /* HomeVC+HikingInvitation+Extension.swift */; };
		E73E7F862CAC7FE400C51B9D /* OnboardingKeyFeatureVC.swift in Sources */ = {isa = PBXBuildFile; fileRef = E73E7F242CAC7FE400C51B9D /* OnboardingKeyFeatureVC.swift */; };
		E73E7F872CAC7FE400C51B9D /* AlterVC.swift in Sources */ = {isa = PBXBuildFile; fileRef = E73E7F382CAC7FE400C51B9D /* AlterVC.swift */; };
		E73E7F882CAC7FE400C51B9D /* Swinject+Extension.swift in Sources */ = {isa = PBXBuildFile; fileRef = E73E7F442CAC7FE400C51B9D /* Swinject+Extension.swift */; };
		E73E7F892CAC7FE400C51B9D /* EditProfileVC.swift in Sources */ = {isa = PBXBuildFile; fileRef = E73E7F062CAC7FE400C51B9D /* EditProfileVC.swift */; };
		E73E7F8A2CAC7FE400C51B9D /* WorkoutManager+iOS+Extension.swift in Sources */ = {isa = PBXBuildFile; fileRef = E73E7EE12CAC7FE400C51B9D /* WorkoutManager+iOS+Extension.swift */; };
		E73E7F8B2CAC7FE400C51B9D /* OnboardingLocationVC.swift in Sources */ = {isa = PBXBuildFile; fileRef = E73E7F252CAC7FE400C51B9D /* OnboardingLocationVC.swift */; };
		E73E7F8C2CAC7FE400C51B9D /* CongratsVC.swift in Sources */ = {isa = PBXBuildFile; fileRef = E73E7EF42CAC7FE400C51B9D /* CongratsVC.swift */; };
		E73E7F8D2CAC7FE400C51B9D /* AlertRangeView.swift in Sources */ = {isa = PBXBuildFile; fileRef = E73E7F3A2CAC7FE400C51B9D /* AlertRangeView.swift */; };
		E73E7F8E2CAC7FE400C51B9D /* NotificationService.swift in Sources */ = {isa = PBXBuildFile; fileRef = E73E7F2D2CAC7FE400C51B9D /* NotificationService.swift */; };
		E73E7F8F2CAC7FE400C51B9D /* HealthManager.swift in Sources */ = {isa = PBXBuildFile; fileRef = E73E7EDF2CAC7FE400C51B9D /* HealthManager.swift */; };
		E73E7F902CAC7FE400C51B9D /* OnboardingFinishedVC.swift in Sources */ = {isa = PBXBuildFile; fileRef = E73E7F202CAC7FE400C51B9D /* OnboardingFinishedVC.swift */; };
		E73E7F912CAC7FE400C51B9D /* DetailDestinationVC.swift in Sources */ = {isa = PBXBuildFile; fileRef = E73E7F032CAC7FE400C51B9D /* DetailDestinationVC.swift */; };
		E73E7F922CAC7FE400C51B9D /* SampleLabel.swift in Sources */ = {isa = PBXBuildFile; fileRef = E73E7F362CAC7FE400C51B9D /* SampleLabel.swift */; };
		E73E7F932CAC7FE400C51B9D /* HikingMetricsIconTextView.swift in Sources */ = {isa = PBXBuildFile; fileRef = E73E7F3D2CAC7FE400C51B9D /* HikingMetricsIconTextView.swift */; };
		E73E7F942CAC7FE400C51B9D /* Telaga Bidadari Batam.gpx in Resources */ = {isa = PBXBuildFile; fileRef = E73E7EEA2CAC7FE400C51B9D /* Telaga Bidadari Batam.gpx */; };
		E73E7F962CAC7FE400C51B9D /* Assets.xcassets in Resources */ = {isa = PBXBuildFile; fileRef = E73E7EEC2CAC7FE400C51B9D /* Assets.xcassets */; };
		E7CE22D72CAB8EF0004A3223 /* WorkoutManager.swift in Sources */ = {isa = PBXBuildFile; fileRef = E7CE22D22CAB8EF0004A3223 /* WorkoutManager.swift */; };
		E7CE22D82CAB8EF0004A3223 /* Logger.swift in Sources */ = {isa = PBXBuildFile; fileRef = E7CE22D42CAB8EF0004A3223 /* Logger.swift */; };
		E7CE22D92CAB8EF0004A3223 /* WorkoutManager.swift in Sources */ = {isa = PBXBuildFile; fileRef = E7CE22D22CAB8EF0004A3223 /* WorkoutManager.swift */; };
		E7CE22DA2CAB8EF0004A3223 /* Logger.swift in Sources */ = {isa = PBXBuildFile; fileRef = E7CE22D42CAB8EF0004A3223 /* Logger.swift */; };
		E7D0BA572C9839CC00324E3D /* Haikingu Watch App.app in Embed Watch Content */ = {isa = PBXBuildFile; fileRef = E7D0BA4A2C9839CB00324E3D /* Haikingu Watch App.app */; settings = {ATTRIBUTES = (RemoveHeadersOnCopy, ); }; };
		E7EDAB022CAAEE5E006F3ED0 /* HKSummaryText.swift in Sources */ = {isa = PBXBuildFile; fileRef = E7EDAAFB2CAAEE5E006F3ED0 /* HKSummaryText.swift */; };
		E7EDAB032CAAEE5E006F3ED0 /* HomeVM.swift in Sources */ = {isa = PBXBuildFile; fileRef = E7EDAAFF2CAAEE5E006F3ED0 /* HomeVM.swift */; };
		E7EDAB042CAAEE5E006F3ED0 /* HKCircleButton.swift in Sources */ = {isa = PBXBuildFile; fileRef = E7EDAAF72CAAEE5E006F3ED0 /* HKCircleButton.swift */; };
		E7EDAB052CAAEE5E006F3ED0 /* UserServices.swift in Sources */ = {isa = PBXBuildFile; fileRef = E7EDAAF52CAAEE5E006F3ED0 /* UserServices.swift */; };
		E7EDAB062CAAEE5E006F3ED0 /* HKMetricBiggerText.swift in Sources */ = {isa = PBXBuildFile; fileRef = E7EDAAFA2CAAEE5E006F3ED0 /* HKMetricBiggerText.swift */; };
		E7EDAB072CAAEE5E006F3ED0 /* HKTextButton.swift in Sources */ = {isa = PBXBuildFile; fileRef = E7EDAAF82CAAEE5E006F3ED0 /* HKTextButton.swift */; };
		E7EDAB082CAAEE5E006F3ED0 /* NavigationServices.swift in Sources */ = {isa = PBXBuildFile; fileRef = E7EDAAF42CAAEE5E006F3ED0 /* NavigationServices.swift */; };
		E7EDAB092CAAEE5E006F3ED0 /* MetricsVM.swift in Sources */ = {isa = PBXBuildFile; fileRef = E7EDAB002CAAEE5E006F3ED0 /* MetricsVM.swift */; };
		E7EDAB172CAAEE6A006F3ED0 /* ContentView.swift in Sources */ = {isa = PBXBuildFile; fileRef = E7EDAB142CAAEE6A006F3ED0 /* ContentView.swift */; };
		E7EDAB182CAAEE6A006F3ED0 /* MemberControlScreen.swift in Sources */ = {isa = PBXBuildFile; fileRef = E7EDAB0B2CAAEE6A006F3ED0 /* MemberControlScreen.swift */; };
		E7EDAB192CAAEE6A006F3ED0 /* MetricsScreen.swift in Sources */ = {isa = PBXBuildFile; fileRef = E7EDAB112CAAEE6A006F3ED0 /* MetricsScreen.swift */; };
		E7EDAB1A2CAAEE6A006F3ED0 /* HaikinguApp.swift in Sources */ = {isa = PBXBuildFile; fileRef = E7EDAB152CAAEE6A006F3ED0 /* HaikinguApp.swift */; };
		E7EDAB1B2CAAEE6A006F3ED0 /* SummaryScreen.swift in Sources */ = {isa = PBXBuildFile; fileRef = E7EDAB122CAAEE6A006F3ED0 /* SummaryScreen.swift */; };
		E7EDAB1C2CAAEE6A006F3ED0 /* MetricsView.swift in Sources */ = {isa = PBXBuildFile; fileRef = E7EDAB0D2CAAEE6A006F3ED0 /* MetricsView.swift */; };
		E7EDAB1D2CAAEE6A006F3ED0 /* LeadControlView.swift in Sources */ = {isa = PBXBuildFile; fileRef = E7EDAB0A2CAAEE6A006F3ED0 /* LeadControlView.swift */; };
		E7EDAB1E2CAAEE6A006F3ED0 /* HomeScreen.swift in Sources */ = {isa = PBXBuildFile; fileRef = E7EDAB102CAAEE6A006F3ED0 /* HomeScreen.swift */; };
		E7EDAB212CAAEE7B006F3ED0 /* Preview Assets.xcassets in Resources */ = {isa = PBXBuildFile; fileRef = E7EDAB1F2CAAEE7B006F3ED0 /* Preview Assets.xcassets */; };
		E7EDAB232CAAEE84006F3ED0 /* Assets.xcassets in Resources */ = {isa = PBXBuildFile; fileRef = E7EDAB222CAAEE84006F3ED0 /* Assets.xcassets */; };
		E7EDAB252CAAEF4F006F3ED0 /* SnapKit in Frameworks */ = {isa = PBXBuildFile; productRef = E7EDAB242CAAEF4F006F3ED0 /* SnapKit */; };
		E7EDAB272CAAEF52006F3ED0 /* Swinject in Frameworks */ = {isa = PBXBuildFile; productRef = E7EDAB262CAAEF52006F3ED0 /* Swinject */; };
		E7EDAB292CAAEF58006F3ED0 /* Swinject in Frameworks */ = {isa = PBXBuildFile; productRef = E7EDAB282CAAEF58006F3ED0 /* Swinject */; };
/* End PBXBuildFile section */

/* Begin PBXContainerItemProxy section */
		E7D0BA552C9839CC00324E3D /* PBXContainerItemProxy */ = {
			isa = PBXContainerItemProxy;
			containerPortal = E7D0BA272C9839AD00324E3D /* Project object */;
			proxyType = 1;
			remoteGlobalIDString = E7D0BA492C9839CB00324E3D;
			remoteInfo = "Haikingu Watch App";
		};
/* End PBXContainerItemProxy section */

/* Begin PBXCopyFilesBuildPhase section */
		E7D0BA5B2C9839CC00324E3D /* Embed Watch Content */ = {
			isa = PBXCopyFilesBuildPhase;
			buildActionMask = 2147483647;
			dstPath = "$(CONTENTS_FOLDER_PATH)/Watch";
			dstSubfolderSpec = 16;
			files = (
				E7D0BA572C9839CC00324E3D /* Haikingu Watch App.app in Embed Watch Content */,
			);
			name = "Embed Watch Content";
			runOnlyForDeploymentPostprocessing = 0;
		};
/* End PBXCopyFilesBuildPhase section */

/* Begin PBXFileReference section */
		034CF6912CAC59D50006CE6F /* HaikinguApp.entitlements */ = {isa = PBXFileReference; lastKnownFileType = text.plist.entitlements; path = HaikinguApp.entitlements; sourceTree = "<group>"; };
		034CF6922CAC59E00006CE6F /* Haikingu Watch App.entitlements */ = {isa = PBXFileReference; lastKnownFileType = text.plist.entitlements; path = "Haikingu Watch App.entitlements"; sourceTree = "<group>"; };
		035DA5662CAC935C0044BF26 /* SplashScreen.swift */ = {isa = PBXFileReference; lastKnownFileType = sourcecode.swift; path = SplashScreen.swift; sourceTree = "<group>"; };
		035DA5682CAD1DA40044BF26 /* UserDefaultService.swift */ = {isa = PBXFileReference; lastKnownFileType = sourcecode.swift; path = UserDefaultService.swift; sourceTree = "<group>"; };
		035DA56A2CAD21570044BF26 /* UserDefaultManager.swift */ = {isa = PBXFileReference; lastKnownFileType = sourcecode.swift; path = UserDefaultManager.swift; sourceTree = "<group>"; };
		8A994CAB2CAC62E3006CF73B /* SwinjectWatchos+extension.swift */ = {isa = PBXFileReference; lastKnownFileType = sourcecode.swift; path = "SwinjectWatchos+extension.swift"; sourceTree = "<group>"; };
		8A994CAD2CAC638B006CF73B /* Inject.swift */ = {isa = PBXFileReference; lastKnownFileType = sourcecode.swift; path = Inject.swift; sourceTree = "<group>"; };
		8A994CB02CAD0F29006CF73B /* WorkoutServiceWatchOS.swift */ = {isa = PBXFileReference; lastKnownFileType = sourcecode.swift; path = WorkoutServiceWatchOS.swift; sourceTree = "<group>"; };
		8A994CB22CAD4072006CF73B /* MetricsTimelineSchedule.swift */ = {isa = PBXFileReference; lastKnownFileType = sourcecode.swift; path = MetricsTimelineSchedule.swift; sourceTree = "<group>"; };
		8A994CB42CAD4747006CF73B /* ElapsedTimeView.swift */ = {isa = PBXFileReference; lastKnownFileType = sourcecode.swift; path = ElapsedTimeView.swift; sourceTree = "<group>"; };
		8A994CB62CAD50EF006CF73B /* RemainingTimeView.swift */ = {isa = PBXFileReference; lastKnownFileType = sourcecode.swift; path = RemainingTimeView.swift; sourceTree = "<group>"; };
		8A994CB82CADA4C9006CF73B /* AppDelegate.swift */ = {isa = PBXFileReference; lastKnownFileType = sourcecode.swift; path = AppDelegate.swift; sourceTree = "<group>"; };
		8A994CBB2CADD190006CF73B /* HKWorkout+Statistics+Extension.swift */ = {isa = PBXFileReference; lastKnownFileType = sourcecode.swift; path = "HKWorkout+Statistics+Extension.swift"; sourceTree = "<group>"; };
		8AF3B98B2CAAF620008C5891 /* WorkoutManager+watchOS+Extension.swift */ = {isa = PBXFileReference; lastKnownFileType = sourcecode.swift; path = "WorkoutManager+watchOS+Extension.swift"; sourceTree = "<group>"; };
		BA1F53682CAA9F0500A9A9F2 /* OnboardingHealthAccessVC.swift */ = {isa = PBXFileReference; lastKnownFileType = sourcecode.swift; path = OnboardingHealthAccessVC.swift; sourceTree = "<group>"; };
		E73E7ED82CAC7FE400C51B9D /* SampleDB.swift */ = {isa = PBXFileReference; lastKnownFileType = sourcecode.swift; path = SampleDB.swift; sourceTree = "<group>"; };
		E73E7EDA2CAC7FE400C51B9D /* HikerBLEManager+Central+Extension.swift */ = {isa = PBXFileReference; lastKnownFileType = sourcecode.swift; path = "HikerBLEManager+Central+Extension.swift"; sourceTree = "<group>"; };
		E73E7EDB2CAC7FE400C51B9D /* HikerBLEManager+Peripheral+Extension.swift */ = {isa = PBXFileReference; lastKnownFileType = sourcecode.swift; path = "HikerBLEManager+Peripheral+Extension.swift"; sourceTree = "<group>"; };
		E73E7EDD2CAC7FE400C51B9D /* HikerBLEManager.swift */ = {isa = PBXFileReference; lastKnownFileType = sourcecode.swift; path = HikerBLEManager.swift; sourceTree = "<group>"; };
		E73E7EDF2CAC7FE400C51B9D /* HealthManager.swift */ = {isa = PBXFileReference; lastKnownFileType = sourcecode.swift; path = HealthManager.swift; sourceTree = "<group>"; };
		E73E7EE02CAC7FE400C51B9D /* NotificationManager.swift */ = {isa = PBXFileReference; lastKnownFileType = sourcecode.swift; path = NotificationManager.swift; sourceTree = "<group>"; };
		E73E7EE12CAC7FE400C51B9D /* WorkoutManager+iOS+Extension.swift */ = {isa = PBXFileReference; lastKnownFileType = sourcecode.swift; path = "WorkoutManager+iOS+Extension.swift"; sourceTree = "<group>"; };
		E73E7EE32CAC7FE400C51B9D /* DestinationModel.swift */ = {isa = PBXFileReference; lastKnownFileType = sourcecode.swift; path = DestinationModel.swift; sourceTree = "<group>"; };
		E73E7EE42CAC7FE400C51B9D /* HaikinguRequestReponse.swift */ = {isa = PBXFileReference; lastKnownFileType = sourcecode.swift; path = HaikinguRequestReponse.swift; sourceTree = "<group>"; };
		E73E7EE52CAC7FE400C51B9D /* HaikinguServiceBLEUUID.swift */ = {isa = PBXFileReference; lastKnownFileType = sourcecode.swift; path = HaikinguServiceBLEUUID.swift; sourceTree = "<group>"; };
		E73E7EE62CAC7FE400C51B9D /* Hiker.swift */ = {isa = PBXFileReference; lastKnownFileType = sourcecode.swift; path = Hiker.swift; sourceTree = "<group>"; };
		E73E7EE72CAC7FE400C51B9D /* TypeOfRestEnum.swift */ = {isa = PBXFileReference; lastKnownFileType = sourcecode.swift; path = TypeOfRestEnum.swift; sourceTree = "<group>"; };
		E73E7EE82CAC7FE400C51B9D /* User.swift */ = {isa = PBXFileReference; lastKnownFileType = sourcecode.swift; path = User.swift; sourceTree = "<group>"; };
		E73E7EEA2CAC7FE400C51B9D /* Telaga Bidadari Batam.gpx */ = {isa = PBXFileReference; lastKnownFileType = text.xml; path = "Telaga Bidadari Batam.gpx"; sourceTree = "<group>"; };
		E73E7EEC2CAC7FE400C51B9D /* Assets.xcassets */ = {isa = PBXFileReference; lastKnownFileType = folder.assetcatalog; path = Assets.xcassets; sourceTree = "<group>"; };
		E73E7EEE2CAC7FE400C51B9D /* CustomCell.swift */ = {isa = PBXFileReference; lastKnownFileType = sourcecode.swift; path = CustomCell.swift; sourceTree = "<group>"; };
		E73E7EEF2CAC7FE400C51B9D /* HeaderCongratsView.swift */ = {isa = PBXFileReference; lastKnownFileType = sourcecode.swift; path = HeaderCongratsView.swift; sourceTree = "<group>"; };
		E73E7EF02CAC7FE400C51B9D /* HikingSummaryView.swift */ = {isa = PBXFileReference; lastKnownFileType = sourcecode.swift; path = HikingSummaryView.swift; sourceTree = "<group>"; };
		E73E7EF12CAC7FE400C51B9D /* ReminderTitleView.swift */ = {isa = PBXFileReference; lastKnownFileType = sourcecode.swift; path = ReminderTitleView.swift; sourceTree = "<group>"; };
		E73E7EF32CAC7FE400C51B9D /* CongratsSharableVC.swift */ = {isa = PBXFileReference; lastKnownFileType = sourcecode.swift; path = CongratsSharableVC.swift; sourceTree = "<group>"; };
		E73E7EF42CAC7FE400C51B9D /* CongratsVC.swift */ = {isa = PBXFileReference; lastKnownFileType = sourcecode.swift; path = CongratsVC.swift; sourceTree = "<group>"; };
		E73E7EF72CAC7FE400C51B9D /* HikingCell.swift */ = {isa = PBXFileReference; lastKnownFileType = sourcecode.swift; path = HikingCell.swift; sourceTree = "<group>"; };
		E73E7EF92CAC7FE400C51B9D /* DestinationListVC.swift */ = {isa = PBXFileReference; lastKnownFileType = sourcecode.swift; path = DestinationListVC.swift; sourceTree = "<group>"; };
		E73E7EFC2CAC7FE400C51B9D /* DetailDestinationVC+BLE+Extension.swift */ = {isa = PBXFileReference; lastKnownFileType = sourcecode.swift; path = "DetailDestinationVC+BLE+Extension.swift"; sourceTree = "<group>"; };
		E73E7EFE2CAC7FE400C51B9D /* DetailDestinationView.swift */ = {isa = PBXFileReference; lastKnownFileType = sourcecode.swift; path = DetailDestinationView.swift; sourceTree = "<group>"; };
		E73E7EFF2CAC7FE400C51B9D /* HikerCell.swift */ = {isa = PBXFileReference; lastKnownFileType = sourcecode.swift; path = HikerCell.swift; sourceTree = "<group>"; };
		E73E7F002CAC7FE400C51B9D /* HikerGridView.swift */ = {isa = PBXFileReference; lastKnownFileType = sourcecode.swift; path = HikerGridView.swift; sourceTree = "<group>"; };
		E73E7F022CAC7FE400C51B9D /* AddFriendVC.swift */ = {isa = PBXFileReference; lastKnownFileType = sourcecode.swift; path = AddFriendVC.swift; sourceTree = "<group>"; };
		E73E7F032CAC7FE400C51B9D /* DetailDestinationVC.swift */ = {isa = PBXFileReference; lastKnownFileType = sourcecode.swift; path = DetailDestinationVC.swift; sourceTree = "<group>"; };
		E73E7F062CAC7FE400C51B9D /* EditProfileVC.swift */ = {isa = PBXFileReference; lastKnownFileType = sourcecode.swift; path = EditProfileVC.swift; sourceTree = "<group>"; };
		E73E7F092CAC7FE400C51B9D /* BodyView.swift */ = {isa = PBXFileReference; lastKnownFileType = sourcecode.swift; path = BodyView.swift; sourceTree = "<group>"; };
		E73E7F0A2CAC7FE400C51B9D /* FooterView.swift */ = {isa = PBXFileReference; lastKnownFileType = sourcecode.swift; path = FooterView.swift; sourceTree = "<group>"; };
		E73E7F0B2CAC7FE400C51B9D /* HeaderView.swift */ = {isa = PBXFileReference; lastKnownFileType = sourcecode.swift; path = HeaderView.swift; sourceTree = "<group>"; };
		E73E7F0C2CAC7FE400C51B9D /* TimeElapsedView.swift */ = {isa = PBXFileReference; lastKnownFileType = sourcecode.swift; path = TimeElapsedView.swift; sourceTree = "<group>"; };
		E73E7F0E2CAC7FE400C51B9D /* HikingSessionVC.swift */ = {isa = PBXFileReference; lastKnownFileType = sourcecode.swift; path = HikingSessionVC.swift; sourceTree = "<group>"; };
		E73E7F112CAC7FE400C51B9D /* HomeVC+BLE+Extension.swift */ = {isa = PBXFileReference; lastKnownFileType = sourcecode.swift; path = "HomeVC+BLE+Extension.swift"; sourceTree = "<group>"; };
		E73E7F122CAC7FE400C51B9D /* HomeVC+HikingInvitation+Extension.swift */ = {isa = PBXFileReference; lastKnownFileType = sourcecode.swift; path = "HomeVC+HikingInvitation+Extension.swift"; sourceTree = "<group>"; };
		E73E7F142CAC7FE400C51B9D /* BackToHomeMessageView.swift */ = {isa = PBXFileReference; lastKnownFileType = sourcecode.swift; path = BackToHomeMessageView.swift; sourceTree = "<group>"; };
		E73E7F152CAC7FE400C51B9D /* HikingModeControlView.swift */ = {isa = PBXFileReference; lastKnownFileType = sourcecode.swift; path = HikingModeControlView.swift; sourceTree = "<group>"; };
		E73E7F162CAC7FE400C51B9D /* HomeHeaderView.swift */ = {isa = PBXFileReference; lastKnownFileType = sourcecode.swift; path = HomeHeaderView.swift; sourceTree = "<group>"; };
		E73E7F182CAC7FE400C51B9D /* HikingInvitationVC.swift */ = {isa = PBXFileReference; lastKnownFileType = sourcecode.swift; path = HikingInvitationVC.swift; sourceTree = "<group>"; };
		E73E7F192CAC7FE400C51B9D /* HomeVC.swift */ = {isa = PBXFileReference; lastKnownFileType = sourcecode.swift; path = HomeVC.swift; sourceTree = "<group>"; };
		E73E7F1C2CAC7FE400C51B9D /* OnboardingExtension.swift */ = {isa = PBXFileReference; lastKnownFileType = sourcecode.swift; path = OnboardingExtension.swift; sourceTree = "<group>"; };
		E73E7F1E2CAC7FE400C51B9D /* SampleView.swift */ = {isa = PBXFileReference; lastKnownFileType = sourcecode.swift; path = SampleView.swift; sourceTree = "<group>"; };
		E73E7F202CAC7FE400C51B9D /* OnboardingFinishedVC.swift */ = {isa = PBXFileReference; lastKnownFileType = sourcecode.swift; path = OnboardingFinishedVC.swift; sourceTree = "<group>"; };
		E73E7F212CAC7FE400C51B9D /* OnboardingHealthAccessVC.swift */ = {isa = PBXFileReference; lastKnownFileType = sourcecode.swift; path = OnboardingHealthAccessVC.swift; sourceTree = "<group>"; };
		E73E7F222CAC7FE400C51B9D /* OnboardingHikingProfileVC.swift */ = {isa = PBXFileReference; lastKnownFileType = sourcecode.swift; path = OnboardingHikingProfileVC.swift; sourceTree = "<group>"; };
		E73E7F232CAC7FE400C51B9D /* OnboardingIntroductionVC.swift */ = {isa = PBXFileReference; lastKnownFileType = sourcecode.swift; path = OnboardingIntroductionVC.swift; sourceTree = "<group>"; };
		E73E7F242CAC7FE400C51B9D /* OnboardingKeyFeatureVC.swift */ = {isa = PBXFileReference; lastKnownFileType = sourcecode.swift; path = OnboardingKeyFeatureVC.swift; sourceTree = "<group>"; };
		E73E7F252CAC7FE400C51B9D /* OnboardingLocationVC.swift */ = {isa = PBXFileReference; lastKnownFileType = sourcecode.swift; path = OnboardingLocationVC.swift; sourceTree = "<group>"; };
		E73E7F292CAC7FE400C51B9D /* CentralBLEService.swift */ = {isa = PBXFileReference; lastKnownFileType = sourcecode.swift; path = CentralBLEService.swift; sourceTree = "<group>"; };
		E73E7F2A2CAC7FE400C51B9D /* PeripheralBLEService.swift */ = {isa = PBXFileReference; lastKnownFileType = sourcecode.swift; path = PeripheralBLEService.swift; sourceTree = "<group>"; };
		E73E7F2C2CAC7FE400C51B9D /* HealthService.swift */ = {isa = PBXFileReference; lastKnownFileType = sourcecode.swift; path = HealthService.swift; sourceTree = "<group>"; };
		E73E7F2D2CAC7FE400C51B9D /* NotificationService.swift */ = {isa = PBXFileReference; lastKnownFileType = sourcecode.swift; path = NotificationService.swift; sourceTree = "<group>"; };
		E73E7F2E2CAC7FE400C51B9D /* WorkoutServiceIos.swift */ = {isa = PBXFileReference; lastKnownFileType = sourcecode.swift; path = WorkoutServiceIos.swift; sourceTree = "<group>"; };
		E73E7F302CAC7FE400C51B9D /* AppButton.swift */ = {isa = PBXFileReference; lastKnownFileType = sourcecode.swift; path = AppButton.swift; sourceTree = "<group>"; };
		E73E7F312CAC7FE400C51B9D /* IconButton.swift */ = {isa = PBXFileReference; lastKnownFileType = sourcecode.swift; path = IconButton.swift; sourceTree = "<group>"; };
		E73E7F322CAC7FE400C51B9D /* PrimaryButton.swift */ = {isa = PBXFileReference; lastKnownFileType = sourcecode.swift; path = PrimaryButton.swift; sourceTree = "<group>"; };
		E73E7F332CAC7FE400C51B9D /* SecondaryButton.swift */ = {isa = PBXFileReference; lastKnownFileType = sourcecode.swift; path = SecondaryButton.swift; sourceTree = "<group>"; };
		E73E7F342CAC7FE400C51B9D /* TextIconButton.swift */ = {isa = PBXFileReference; lastKnownFileType = sourcecode.swift; path = TextIconButton.swift; sourceTree = "<group>"; };
		E73E7F362CAC7FE400C51B9D /* SampleLabel.swift */ = {isa = PBXFileReference; lastKnownFileType = sourcecode.swift; path = SampleLabel.swift; sourceTree = "<group>"; };
		E73E7F382CAC7FE400C51B9D /* AlterVC.swift */ = {isa = PBXFileReference; lastKnownFileType = sourcecode.swift; path = AlterVC.swift; sourceTree = "<group>"; };
		E73E7F3A2CAC7FE400C51B9D /* AlertRangeView.swift */ = {isa = PBXFileReference; lastKnownFileType = sourcecode.swift; path = AlertRangeView.swift; sourceTree = "<group>"; };
		E73E7F3B2CAC7FE400C51B9D /* DetailEstTimeVC.swift */ = {isa = PBXFileReference; lastKnownFileType = sourcecode.swift; path = DetailEstTimeVC.swift; sourceTree = "<group>"; };
		E73E7F3D2CAC7FE400C51B9D /* HikingMetricsIconTextView.swift */ = {isa = PBXFileReference; lastKnownFileType = sourcecode.swift; path = HikingMetricsIconTextView.swift; sourceTree = "<group>"; };
		E73E7F3E2CAC7FE400C51B9D /* PersonImageView.swift */ = {isa = PBXFileReference; lastKnownFileType = sourcecode.swift; path = PersonImageView.swift; sourceTree = "<group>"; };
		E73E7F3F2CAC7FE400C51B9D /* SampleItemView.swift */ = {isa = PBXFileReference; lastKnownFileType = sourcecode.swift; path = SampleItemView.swift; sourceTree = "<group>"; };
		E73E7F402CAC7FE400C51B9D /* TeamsView.swift */ = {isa = PBXFileReference; lastKnownFileType = sourcecode.swift; path = TeamsView.swift; sourceTree = "<group>"; };
		E73E7F432CAC7FE400C51B9D /* Date+Extension.swift */ = {isa = PBXFileReference; lastKnownFileType = sourcecode.swift; path = "Date+Extension.swift"; sourceTree = "<group>"; };
		E73E7F442CAC7FE400C51B9D /* Swinject+Extension.swift */ = {isa = PBXFileReference; lastKnownFileType = sourcecode.swift; path = "Swinject+Extension.swift"; sourceTree = "<group>"; };
		E73E7F472CAC7FE400C51B9D /* AppDelegate.swift */ = {isa = PBXFileReference; lastKnownFileType = sourcecode.swift; path = AppDelegate.swift; sourceTree = "<group>"; };
		E73E7F4A2CAC7FE400C51B9D /* SceneDelegate.swift */ = {isa = PBXFileReference; lastKnownFileType = sourcecode.swift; path = SceneDelegate.swift; sourceTree = "<group>"; };
		E78015E12CAA932B00E658A1 /* HikingInvitationVC.swift */ = {isa = PBXFileReference; lastKnownFileType = sourcecode.swift; path = HikingInvitationVC.swift; sourceTree = "<group>"; };
		E78015E32CAA983100E658A1 /* PrimaryButton.swift */ = {isa = PBXFileReference; lastKnownFileType = sourcecode.swift; path = PrimaryButton.swift; sourceTree = "<group>"; };
		E78015E52CAA9B7500E658A1 /* SecondaryButton.swift */ = {isa = PBXFileReference; lastKnownFileType = sourcecode.swift; path = SecondaryButton.swift; sourceTree = "<group>"; };
		E78015E72CAAA4E600E658A1 /* CentralBLEService.swift */ = {isa = PBXFileReference; lastKnownFileType = sourcecode.swift; path = CentralBLEService.swift; sourceTree = "<group>"; };
		E78015EA2CAAA50C00E658A1 /* Hiker.swift */ = {isa = PBXFileReference; lastKnownFileType = sourcecode.swift; path = Hiker.swift; sourceTree = "<group>"; };
		E78015EC2CAAA53600E658A1 /* TypeOfRestEnum.swift */ = {isa = PBXFileReference; lastKnownFileType = sourcecode.swift; path = TypeOfRestEnum.swift; sourceTree = "<group>"; };
		E78015EE2CAAA54E00E658A1 /* HaikinguServiceBLEUUID.swift */ = {isa = PBXFileReference; lastKnownFileType = sourcecode.swift; path = HaikinguServiceBLEUUID.swift; sourceTree = "<group>"; };
		E78015F12CAAA59900E658A1 /* PeripheralBLEService.swift */ = {isa = PBXFileReference; lastKnownFileType = sourcecode.swift; path = PeripheralBLEService.swift; sourceTree = "<group>"; };
		E78015F32CAAA5C400E658A1 /* HaikinguRequestReponse.swift */ = {isa = PBXFileReference; lastKnownFileType = sourcecode.swift; path = HaikinguRequestReponse.swift; sourceTree = "<group>"; };
		E78015F52CAAA62300E658A1 /* HikerBLEManager.swift */ = {isa = PBXFileReference; lastKnownFileType = sourcecode.swift; path = HikerBLEManager.swift; sourceTree = "<group>"; };
		E78015F92CAAA66100E658A1 /* HikerBLEManager+Central+Extension.swift */ = {isa = PBXFileReference; lastKnownFileType = sourcecode.swift; path = "HikerBLEManager+Central+Extension.swift"; sourceTree = "<group>"; };
		E78015FB2CAAA68F00E658A1 /* HikerBLEManager+Peripheral+Extension.swift */ = {isa = PBXFileReference; lastKnownFileType = sourcecode.swift; path = "HikerBLEManager+Peripheral+Extension.swift"; sourceTree = "<group>"; };
		E78015FF2CAAA9F700E658A1 /* HomeVC+HikingInvitation+Extension.swift */ = {isa = PBXFileReference; lastKnownFileType = sourcecode.swift; path = "HomeVC+HikingInvitation+Extension.swift"; sourceTree = "<group>"; };
		E78016012CAAAB0300E658A1 /* HikingModeControlView.swift */ = {isa = PBXFileReference; lastKnownFileType = sourcecode.swift; path = HikingModeControlView.swift; sourceTree = "<group>"; };
		E78016272CAAC9B800E658A1 /* BackToHomeMessageView.swift */ = {isa = PBXFileReference; lastKnownFileType = sourcecode.swift; path = BackToHomeMessageView.swift; sourceTree = "<group>"; };
		E7CE22D22CAB8EF0004A3223 /* WorkoutManager.swift */ = {isa = PBXFileReference; lastKnownFileType = sourcecode.swift; path = WorkoutManager.swift; sourceTree = "<group>"; };
		E7CE22D42CAB8EF0004A3223 /* Logger.swift */ = {isa = PBXFileReference; lastKnownFileType = sourcecode.swift; path = Logger.swift; sourceTree = "<group>"; };
		E7D0BA2F2C9839AD00324E3D /* HaikinguApp.app */ = {isa = PBXFileReference; explicitFileType = wrapper.application; includeInIndex = 0; path = HaikinguApp.app; sourceTree = BUILT_PRODUCTS_DIR; };
		E7D0BA402C9839AF00324E3D /* Info.plist */ = {isa = PBXFileReference; lastKnownFileType = text.plist.xml; path = Info.plist; sourceTree = "<group>"; };
		E7D0BA4A2C9839CB00324E3D /* Haikingu Watch App.app */ = {isa = PBXFileReference; explicitFileType = wrapper.application; includeInIndex = 0; path = "Haikingu Watch App.app"; sourceTree = BUILT_PRODUCTS_DIR; };
		E7EDAAF42CAAEE5E006F3ED0 /* NavigationServices.swift */ = {isa = PBXFileReference; lastKnownFileType = sourcecode.swift; path = NavigationServices.swift; sourceTree = "<group>"; };
		E7EDAAF52CAAEE5E006F3ED0 /* UserServices.swift */ = {isa = PBXFileReference; lastKnownFileType = sourcecode.swift; path = UserServices.swift; sourceTree = "<group>"; };
		E7EDAAF72CAAEE5E006F3ED0 /* HKCircleButton.swift */ = {isa = PBXFileReference; lastKnownFileType = sourcecode.swift; path = HKCircleButton.swift; sourceTree = "<group>"; };
		E7EDAAF82CAAEE5E006F3ED0 /* HKTextButton.swift */ = {isa = PBXFileReference; lastKnownFileType = sourcecode.swift; path = HKTextButton.swift; sourceTree = "<group>"; };
		E7EDAAFA2CAAEE5E006F3ED0 /* HKMetricBiggerText.swift */ = {isa = PBXFileReference; lastKnownFileType = sourcecode.swift; path = HKMetricBiggerText.swift; sourceTree = "<group>"; };
		E7EDAAFB2CAAEE5E006F3ED0 /* HKSummaryText.swift */ = {isa = PBXFileReference; lastKnownFileType = sourcecode.swift; path = HKSummaryText.swift; sourceTree = "<group>"; };
		E7EDAAFF2CAAEE5E006F3ED0 /* HomeVM.swift */ = {isa = PBXFileReference; lastKnownFileType = sourcecode.swift; path = HomeVM.swift; sourceTree = "<group>"; };
		E7EDAB002CAAEE5E006F3ED0 /* MetricsVM.swift */ = {isa = PBXFileReference; lastKnownFileType = sourcecode.swift; path = MetricsVM.swift; sourceTree = "<group>"; };
		E7EDAB0A2CAAEE6A006F3ED0 /* LeadControlView.swift */ = {isa = PBXFileReference; lastKnownFileType = sourcecode.swift; path = LeadControlView.swift; sourceTree = "<group>"; };
		E7EDAB0B2CAAEE6A006F3ED0 /* MemberControlScreen.swift */ = {isa = PBXFileReference; lastKnownFileType = sourcecode.swift; path = MemberControlScreen.swift; sourceTree = "<group>"; };
		E7EDAB0D2CAAEE6A006F3ED0 /* MetricsView.swift */ = {isa = PBXFileReference; lastKnownFileType = sourcecode.swift; path = MetricsView.swift; sourceTree = "<group>"; };
		E7EDAB102CAAEE6A006F3ED0 /* HomeScreen.swift */ = {isa = PBXFileReference; lastKnownFileType = sourcecode.swift; path = HomeScreen.swift; sourceTree = "<group>"; };
		E7EDAB112CAAEE6A006F3ED0 /* MetricsScreen.swift */ = {isa = PBXFileReference; lastKnownFileType = sourcecode.swift; path = MetricsScreen.swift; sourceTree = "<group>"; };
		E7EDAB122CAAEE6A006F3ED0 /* SummaryScreen.swift */ = {isa = PBXFileReference; lastKnownFileType = sourcecode.swift; path = SummaryScreen.swift; sourceTree = "<group>"; };
		E7EDAB142CAAEE6A006F3ED0 /* ContentView.swift */ = {isa = PBXFileReference; lastKnownFileType = sourcecode.swift; path = ContentView.swift; sourceTree = "<group>"; };
		E7EDAB152CAAEE6A006F3ED0 /* HaikinguApp.swift */ = {isa = PBXFileReference; lastKnownFileType = sourcecode.swift; path = HaikinguApp.swift; sourceTree = "<group>"; };
		E7EDAB1F2CAAEE7B006F3ED0 /* Preview Assets.xcassets */ = {isa = PBXFileReference; lastKnownFileType = folder.assetcatalog; path = "Preview Assets.xcassets"; sourceTree = "<group>"; };
		E7EDAB222CAAEE84006F3ED0 /* Assets.xcassets */ = {isa = PBXFileReference; lastKnownFileType = folder.assetcatalog; path = Assets.xcassets; sourceTree = "<group>"; };
/* End PBXFileReference section */

/* Begin PBXFrameworksBuildPhase section */
		E7D0BA2C2C9839AD00324E3D /* Frameworks */ = {
			isa = PBXFrameworksBuildPhase;
			buildActionMask = 2147483647;
			files = (
				E7EDAB252CAAEF4F006F3ED0 /* SnapKit in Frameworks */,
				E7EDAB272CAAEF52006F3ED0 /* Swinject in Frameworks */,
			);
			runOnlyForDeploymentPostprocessing = 0;
		};
		E7D0BA472C9839CB00324E3D /* Frameworks */ = {
			isa = PBXFrameworksBuildPhase;
			buildActionMask = 2147483647;
			files = (
				E7EDAB292CAAEF58006F3ED0 /* Swinject in Frameworks */,
			);
			runOnlyForDeploymentPostprocessing = 0;
		};
/* End PBXFrameworksBuildPhase section */

/* Begin PBXGroup section */
		8A994CA72CAC61E3006CF73B /* Extensions */ = {
			isa = PBXGroup;
			children = (
				8A994CAD2CAC638B006CF73B /* Inject.swift */,
				8A994CAB2CAC62E3006CF73B /* SwinjectWatchos+extension.swift */,
			);
			path = Extensions;
			sourceTree = "<group>";
		};
		8A994CBA2CADD162006CF73B /* Extensions */ = {
			isa = PBXGroup;
			children = (
				8A994CBB2CADD190006CF73B /* HKWorkout+Statistics+Extension.swift */,
			);
			path = Extensions;
			sourceTree = "<group>";
		};
		8AF3B98A2CAAF608008C5891 /* Managers */ = {
			isa = PBXGroup;
			children = (
				8AF3B98B2CAAF620008C5891 /* WorkoutManager+watchOS+Extension.swift */,
			);
			path = Managers;
			sourceTree = "<group>";
		};
		E73E7ED92CAC7FE400C51B9D /* LocalDataSources */ = {
			isa = PBXGroup;
			children = (
				E73E7ED82CAC7FE400C51B9D /* SampleDB.swift */,
			);
			path = LocalDataSources;
			sourceTree = "<group>";
		};
		E73E7EDC2CAC7FE400C51B9D /* Extensions */ = {
			isa = PBXGroup;
			children = (
				E73E7EDA2CAC7FE400C51B9D /* HikerBLEManager+Central+Extension.swift */,
				E73E7EDB2CAC7FE400C51B9D /* HikerBLEManager+Peripheral+Extension.swift */,
			);
			path = Extensions;
			sourceTree = "<group>";
		};
		E73E7EDE2CAC7FE400C51B9D /* CoreBluetooth */ = {
			isa = PBXGroup;
			children = (
				E73E7EDC2CAC7FE400C51B9D /* Extensions */,
				E73E7EDD2CAC7FE400C51B9D /* HikerBLEManager.swift */,
			);
			path = CoreBluetooth;
			sourceTree = "<group>";
		};
		E73E7EE22CAC7FE400C51B9D /* Managers */ = {
			isa = PBXGroup;
			children = (
				035DA56A2CAD21570044BF26 /* UserDefaultManager.swift */,
				E73E7EDE2CAC7FE400C51B9D /* CoreBluetooth */,
				E73E7EDF2CAC7FE400C51B9D /* HealthManager.swift */,
				E73E7EE02CAC7FE400C51B9D /* NotificationManager.swift */,
				E73E7EE12CAC7FE400C51B9D /* WorkoutManager+iOS+Extension.swift */,
			);
			path = Managers;
			sourceTree = "<group>";
		};
		E73E7EE92CAC7FE400C51B9D /* Models */ = {
			isa = PBXGroup;
			children = (
				E73E7EE32CAC7FE400C51B9D /* DestinationModel.swift */,
				E73E7EE42CAC7FE400C51B9D /* HaikinguRequestReponse.swift */,
				E73E7EE52CAC7FE400C51B9D /* HaikinguServiceBLEUUID.swift */,
				E73E7EE62CAC7FE400C51B9D /* Hiker.swift */,
				E73E7EE72CAC7FE400C51B9D /* TypeOfRestEnum.swift */,
				E73E7EE82CAC7FE400C51B9D /* User.swift */,
			);
			path = Models;
			sourceTree = "<group>";
		};
		E73E7EEB2CAC7FE400C51B9D /* GPXAssets */ = {
			isa = PBXGroup;
			children = (
				E73E7EEA2CAC7FE400C51B9D /* Telaga Bidadari Batam.gpx */,
			);
			path = GPXAssets;
			sourceTree = "<group>";
		};
		E73E7EED2CAC7FE400C51B9D /* Resources */ = {
			isa = PBXGroup;
			children = (
				E73E7EEB2CAC7FE400C51B9D /* GPXAssets */,
				E73E7EEC2CAC7FE400C51B9D /* Assets.xcassets */,
			);
			path = Resources;
			sourceTree = "<group>";
		};
		E73E7EF22CAC7FE400C51B9D /* SubViews */ = {
			isa = PBXGroup;
			children = (
				E73E7EEE2CAC7FE400C51B9D /* CustomCell.swift */,
				E73E7EEF2CAC7FE400C51B9D /* HeaderCongratsView.swift */,
				E73E7EF02CAC7FE400C51B9D /* HikingSummaryView.swift */,
				E73E7EF12CAC7FE400C51B9D /* ReminderTitleView.swift */,
			);
			path = SubViews;
			sourceTree = "<group>";
		};
		E73E7EF52CAC7FE400C51B9D /* ViewControllers */ = {
			isa = PBXGroup;
			children = (
				E73E7EF32CAC7FE400C51B9D /* CongratsSharableVC.swift */,
				E73E7EF42CAC7FE400C51B9D /* CongratsVC.swift */,
			);
			path = ViewControllers;
			sourceTree = "<group>";
		};
		E73E7EF62CAC7FE400C51B9D /* Congrats */ = {
			isa = PBXGroup;
			children = (
				E73E7EF22CAC7FE400C51B9D /* SubViews */,
				E73E7EF52CAC7FE400C51B9D /* ViewControllers */,
			);
			path = Congrats;
			sourceTree = "<group>";
		};
		E73E7EF82CAC7FE400C51B9D /* SubViews */ = {
			isa = PBXGroup;
			children = (
				E73E7EF72CAC7FE400C51B9D /* HikingCell.swift */,
			);
			path = SubViews;
			sourceTree = "<group>";
		};
		E73E7EFA2CAC7FE400C51B9D /* ViewControllers */ = {
			isa = PBXGroup;
			children = (
				E73E7EF92CAC7FE400C51B9D /* DestinationListVC.swift */,
			);
			path = ViewControllers;
			sourceTree = "<group>";
		};
		E73E7EFB2CAC7FE400C51B9D /* DestinationList */ = {
			isa = PBXGroup;
			children = (
				E73E7EF82CAC7FE400C51B9D /* SubViews */,
				E73E7EFA2CAC7FE400C51B9D /* ViewControllers */,
			);
			path = DestinationList;
			sourceTree = "<group>";
		};
		E73E7EFD2CAC7FE400C51B9D /* Extensions */ = {
			isa = PBXGroup;
			children = (
				E73E7EFC2CAC7FE400C51B9D /* DetailDestinationVC+BLE+Extension.swift */,
			);
			path = Extensions;
			sourceTree = "<group>";
		};
		E73E7F012CAC7FE400C51B9D /* SubViews */ = {
			isa = PBXGroup;
			children = (
				E73E7EFE2CAC7FE400C51B9D /* DetailDestinationView.swift */,
				E73E7EFF2CAC7FE400C51B9D /* HikerCell.swift */,
				E73E7F002CAC7FE400C51B9D /* HikerGridView.swift */,
			);
			path = SubViews;
			sourceTree = "<group>";
		};
		E73E7F042CAC7FE400C51B9D /* ViewControllers */ = {
			isa = PBXGroup;
			children = (
				E73E7F022CAC7FE400C51B9D /* AddFriendVC.swift */,
				E73E7F032CAC7FE400C51B9D /* DetailDestinationVC.swift */,
			);
			path = ViewControllers;
			sourceTree = "<group>";
		};
		E73E7F052CAC7FE400C51B9D /* DetailDestination */ = {
			isa = PBXGroup;
			children = (
				E73E7EFD2CAC7FE400C51B9D /* Extensions */,
				E73E7F012CAC7FE400C51B9D /* SubViews */,
				E73E7F042CAC7FE400C51B9D /* ViewControllers */,
			);
			path = DetailDestination;
			sourceTree = "<group>";
		};
		E73E7F072CAC7FE400C51B9D /* ViewControllers */ = {
			isa = PBXGroup;
			children = (
				E73E7F062CAC7FE400C51B9D /* EditProfileVC.swift */,
			);
			path = ViewControllers;
			sourceTree = "<group>";
		};
		E73E7F082CAC7FE400C51B9D /* EditProfile */ = {
			isa = PBXGroup;
			children = (
				E73E7F072CAC7FE400C51B9D /* ViewControllers */,
			);
			path = EditProfile;
			sourceTree = "<group>";
		};
		E73E7F0D2CAC7FE400C51B9D /* SubViews */ = {
			isa = PBXGroup;
			children = (
				E73E7F092CAC7FE400C51B9D /* BodyView.swift */,
				E73E7F0A2CAC7FE400C51B9D /* FooterView.swift */,
				E73E7F0B2CAC7FE400C51B9D /* HeaderView.swift */,
				E73E7F0C2CAC7FE400C51B9D /* TimeElapsedView.swift */,
			);
			path = SubViews;
			sourceTree = "<group>";
		};
		E73E7F0F2CAC7FE400C51B9D /* ViewControllers */ = {
			isa = PBXGroup;
			children = (
				E73E7F0E2CAC7FE400C51B9D /* HikingSessionVC.swift */,
			);
			path = ViewControllers;
			sourceTree = "<group>";
		};
		E73E7F102CAC7FE400C51B9D /* HikingSession */ = {
			isa = PBXGroup;
			children = (
				E73E7F0D2CAC7FE400C51B9D /* SubViews */,
				E73E7F0F2CAC7FE400C51B9D /* ViewControllers */,
			);
			path = HikingSession;
			sourceTree = "<group>";
		};
		E73E7F132CAC7FE400C51B9D /* Extensions */ = {
			isa = PBXGroup;
			children = (
				E73E7F112CAC7FE400C51B9D /* HomeVC+BLE+Extension.swift */,
				E73E7F122CAC7FE400C51B9D /* HomeVC+HikingInvitation+Extension.swift */,
			);
			path = Extensions;
			sourceTree = "<group>";
		};
		E73E7F172CAC7FE400C51B9D /* SubViews */ = {
			isa = PBXGroup;
			children = (
				E73E7F142CAC7FE400C51B9D /* BackToHomeMessageView.swift */,
				E73E7F152CAC7FE400C51B9D /* HikingModeControlView.swift */,
				E73E7F162CAC7FE400C51B9D /* HomeHeaderView.swift */,
			);
			path = SubViews;
			sourceTree = "<group>";
		};
		E73E7F1A2CAC7FE400C51B9D /* ViewControllers */ = {
			isa = PBXGroup;
			children = (
				E73E7F182CAC7FE400C51B9D /* HikingInvitationVC.swift */,
				E73E7F192CAC7FE400C51B9D /* HomeVC.swift */,
			);
			path = ViewControllers;
			sourceTree = "<group>";
		};
		E73E7F1B2CAC7FE400C51B9D /* Home */ = {
			isa = PBXGroup;
			children = (
				E73E7F132CAC7FE400C51B9D /* Extensions */,
				E73E7F172CAC7FE400C51B9D /* SubViews */,
				E73E7F1A2CAC7FE400C51B9D /* ViewControllers */,
			);
			path = Home;
			sourceTree = "<group>";
		};
		E73E7F1D2CAC7FE400C51B9D /* Extensions */ = {
			isa = PBXGroup;
			children = (
				E73E7F1C2CAC7FE400C51B9D /* OnboardingExtension.swift */,
			);
			path = Extensions;
			sourceTree = "<group>";
		};
		E73E7F1F2CAC7FE400C51B9D /* SubViews */ = {
			isa = PBXGroup;
			children = (
				E73E7F1E2CAC7FE400C51B9D /* SampleView.swift */,
			);
			path = SubViews;
			sourceTree = "<group>";
		};
		E73E7F262CAC7FE400C51B9D /* ViewControllers */ = {
			isa = PBXGroup;
			children = (
				E73E7F202CAC7FE400C51B9D /* OnboardingFinishedVC.swift */,
				E73E7F212CAC7FE400C51B9D /* OnboardingHealthAccessVC.swift */,
				E73E7F222CAC7FE400C51B9D /* OnboardingHikingProfileVC.swift */,
				E73E7F232CAC7FE400C51B9D /* OnboardingIntroductionVC.swift */,
				E73E7F242CAC7FE400C51B9D /* OnboardingKeyFeatureVC.swift */,
				E73E7F252CAC7FE400C51B9D /* OnboardingLocationVC.swift */,
			);
			path = ViewControllers;
			sourceTree = "<group>";
		};
		E73E7F272CAC7FE400C51B9D /* Onboarding */ = {
			isa = PBXGroup;
			children = (
				E73E7F1D2CAC7FE400C51B9D /* Extensions */,
				E73E7F1F2CAC7FE400C51B9D /* SubViews */,
				E73E7F262CAC7FE400C51B9D /* ViewControllers */,
			);
			path = Onboarding;
			sourceTree = "<group>";
		};
		E73E7F282CAC7FE400C51B9D /* Screens */ = {
			isa = PBXGroup;
			children = (
				E73E7EF62CAC7FE400C51B9D /* Congrats */,
				E73E7EFB2CAC7FE400C51B9D /* DestinationList */,
				E73E7F052CAC7FE400C51B9D /* DetailDestination */,
				E73E7F082CAC7FE400C51B9D /* EditProfile */,
				E73E7F102CAC7FE400C51B9D /* HikingSession */,
				E73E7F1B2CAC7FE400C51B9D /* Home */,
				E73E7F272CAC7FE400C51B9D /* Onboarding */,
			);
			path = Screens;
			sourceTree = "<group>";
		};
		E73E7F2B2CAC7FE400C51B9D /* CoreBluetooth */ = {
			isa = PBXGroup;
			children = (
				E73E7F292CAC7FE400C51B9D /* CentralBLEService.swift */,
				E73E7F2A2CAC7FE400C51B9D /* PeripheralBLEService.swift */,
			);
			path = CoreBluetooth;
			sourceTree = "<group>";
		};
		E73E7F2F2CAC7FE400C51B9D /* Services */ = {
			isa = PBXGroup;
			children = (
				035DA5682CAD1DA40044BF26 /* UserDefaultService.swift */,
				E73E7F2B2CAC7FE400C51B9D /* CoreBluetooth */,
				E73E7F2C2CAC7FE400C51B9D /* HealthService.swift */,
				E73E7F2D2CAC7FE400C51B9D /* NotificationService.swift */,
				E73E7F2E2CAC7FE400C51B9D /* WorkoutServiceIos.swift */,
			);
			path = Services;
			sourceTree = "<group>";
		};
		E73E7F352CAC7FE400C51B9D /* Buttons */ = {
			isa = PBXGroup;
			children = (
				E73E7F302CAC7FE400C51B9D /* AppButton.swift */,
				E73E7F312CAC7FE400C51B9D /* IconButton.swift */,
				E73E7F322CAC7FE400C51B9D /* PrimaryButton.swift */,
				E73E7F332CAC7FE400C51B9D /* SecondaryButton.swift */,
				E73E7F342CAC7FE400C51B9D /* TextIconButton.swift */,
			);
			path = Buttons;
			sourceTree = "<group>";
		};
		E73E7F372CAC7FE400C51B9D /* Labels */ = {
			isa = PBXGroup;
			children = (
				E73E7F362CAC7FE400C51B9D /* SampleLabel.swift */,
			);
			path = Labels;
			sourceTree = "<group>";
		};
		E73E7F392CAC7FE400C51B9D /* ViewControllers */ = {
			isa = PBXGroup;
			children = (
				E73E7F382CAC7FE400C51B9D /* AlterVC.swift */,
			);
			path = ViewControllers;
			sourceTree = "<group>";
		};
		E73E7F3C2CAC7FE400C51B9D /* Modals */ = {
			isa = PBXGroup;
			children = (
				E73E7F3A2CAC7FE400C51B9D /* AlertRangeView.swift */,
				E73E7F3B2CAC7FE400C51B9D /* DetailEstTimeVC.swift */,
			);
			path = Modals;
			sourceTree = "<group>";
		};
		E73E7F412CAC7FE400C51B9D /* Views */ = {
			isa = PBXGroup;
			children = (
				E73E7F3C2CAC7FE400C51B9D /* Modals */,
				E73E7F3D2CAC7FE400C51B9D /* HikingMetricsIconTextView.swift */,
				E73E7F3E2CAC7FE400C51B9D /* PersonImageView.swift */,
				E73E7F3F2CAC7FE400C51B9D /* SampleItemView.swift */,
				E73E7F402CAC7FE400C51B9D /* TeamsView.swift */,
			);
			path = Views;
			sourceTree = "<group>";
		};
		E73E7F422CAC7FE400C51B9D /* Components */ = {
			isa = PBXGroup;
			children = (
				E73E7F352CAC7FE400C51B9D /* Buttons */,
				E73E7F372CAC7FE400C51B9D /* Labels */,
				E73E7F392CAC7FE400C51B9D /* ViewControllers */,
				E73E7F412CAC7FE400C51B9D /* Views */,
			);
			path = Components;
			sourceTree = "<group>";
		};
		E73E7F452CAC7FE400C51B9D /* Extensions */ = {
			isa = PBXGroup;
			children = (
				E73E7F432CAC7FE400C51B9D /* Date+Extension.swift */,
				E73E7F442CAC7FE400C51B9D /* Swinject+Extension.swift */,
			);
			path = Extensions;
			sourceTree = "<group>";
		};
		E73E7F462CAC7FE400C51B9D /* Shareds */ = {
			isa = PBXGroup;
			children = (
				E73E7F422CAC7FE400C51B9D /* Components */,
				E73E7F452CAC7FE400C51B9D /* Extensions */,
			);
			path = Shareds;
			sourceTree = "<group>";
		};
		E73E7F4C2CAC7FE400C51B9D /* Supports */ = {
			isa = PBXGroup;
			children = (
				035DA5662CAC935C0044BF26 /* SplashScreen.swift */,
				E73E7F472CAC7FE400C51B9D /* AppDelegate.swift */,
				E73E7F4A2CAC7FE400C51B9D /* SceneDelegate.swift */,
			);
			path = Supports;
			sourceTree = "<group>";
		};
		E7CE22D32CAB8EF0004A3223 /* Managers */ = {
			isa = PBXGroup;
			children = (
				E7CE22D22CAB8EF0004A3223 /* WorkoutManager.swift */,
			);
			path = Managers;
			sourceTree = "<group>";
		};
		E7CE22D52CAB8EF0004A3223 /* Utils */ = {
			isa = PBXGroup;
			children = (
				E7CE22D42CAB8EF0004A3223 /* Logger.swift */,
			);
			path = Utils;
			sourceTree = "<group>";
		};
		E7CE22D62CAB8EF0004A3223 /* Shareds */ = {
			isa = PBXGroup;
			children = (
				8A994CBA2CADD162006CF73B /* Extensions */,
				E7CE22D32CAB8EF0004A3223 /* Managers */,
				E7CE22D52CAB8EF0004A3223 /* Utils */,
			);
			path = Shareds;
			sourceTree = "<group>";
		};
		E7CFD04A2CAADDA6000FAD7B /* Frameworks */ = {
			isa = PBXGroup;
			children = (
			);
			name = Frameworks;
			sourceTree = "<group>";
		};
		E7D0BA262C9839AD00324E3D = {
			isa = PBXGroup;
			children = (
				034CF6922CAC59E00006CE6F /* Haikingu Watch App.entitlements */,
				E7CE22D62CAB8EF0004A3223 /* Shareds */,
				E7D0BA312C9839AD00324E3D /* HaikinguApp */,
				E7D0BA4B2C9839CB00324E3D /* HaikinguWatchApp */,
				E7CFD04A2CAADDA6000FAD7B /* Frameworks */,
				E7D0BA302C9839AD00324E3D /* Products */,
				E7EDAA8E2CAAEE13006F3ED0 /* Recovered References */,
			);
			sourceTree = "<group>";
		};
		E7D0BA302C9839AD00324E3D /* Products */ = {
			isa = PBXGroup;
			children = (
				E7D0BA2F2C9839AD00324E3D /* HaikinguApp.app */,
				E7D0BA4A2C9839CB00324E3D /* Haikingu Watch App.app */,
			);
			name = Products;
			sourceTree = "<group>";
		};
		E7D0BA312C9839AD00324E3D /* HaikinguApp */ = {
			isa = PBXGroup;
			children = (
				E73E7ED92CAC7FE400C51B9D /* LocalDataSources */,
				E73E7EE22CAC7FE400C51B9D /* Managers */,
				E73E7EE92CAC7FE400C51B9D /* Models */,
				E73E7EED2CAC7FE400C51B9D /* Resources */,
				E73E7F282CAC7FE400C51B9D /* Screens */,
				E73E7F2F2CAC7FE400C51B9D /* Services */,
				E73E7F462CAC7FE400C51B9D /* Shareds */,
				E73E7F4C2CAC7FE400C51B9D /* Supports */,
				034CF6912CAC59D50006CE6F /* HaikinguApp.entitlements */,
				E7D0BA402C9839AF00324E3D /* Info.plist */,
			);
			path = HaikinguApp;
			sourceTree = "<group>";
		};
		E7D0BA4B2C9839CB00324E3D /* HaikinguWatchApp */ = {
			isa = PBXGroup;
			children = (
				8AF3B98A2CAAF608008C5891 /* Managers */,
				E7EDAB222CAAEE84006F3ED0 /* Assets.xcassets */,
				E7EDAB202CAAEE7B006F3ED0 /* Preview Content */,
				E7EDAB132CAAEE6A006F3ED0 /* Screens */,
				E7EDAB162CAAEE6A006F3ED0 /* Supports */,
				E7EDAAF62CAAEE5E006F3ED0 /* Services */,
				E7EDAAFE2CAAEE5E006F3ED0 /* Shareds */,
				E7EDAB012CAAEE5E006F3ED0 /* ViewModels */,
			);
			path = HaikinguWatchApp;
			sourceTree = "<group>";
		};
		E7EDAA8E2CAAEE13006F3ED0 /* Recovered References */ = {
			isa = PBXGroup;
			children = (
				E78015EA2CAAA50C00E658A1 /* Hiker.swift */,
				E78015E32CAA983100E658A1 /* PrimaryButton.swift */,
				E78015EE2CAAA54E00E658A1 /* HaikinguServiceBLEUUID.swift */,
				E78015F32CAAA5C400E658A1 /* HaikinguRequestReponse.swift */,
				E78015EC2CAAA53600E658A1 /* TypeOfRestEnum.swift */,
				E78015FB2CAAA68F00E658A1 /* HikerBLEManager+Peripheral+Extension.swift */,
				E78016012CAAAB0300E658A1 /* HikingModeControlView.swift */,
				E78015F12CAAA59900E658A1 /* PeripheralBLEService.swift */,
				E78015F52CAAA62300E658A1 /* HikerBLEManager.swift */,
				E78015E52CAA9B7500E658A1 /* SecondaryButton.swift */,
				E78015F92CAAA66100E658A1 /* HikerBLEManager+Central+Extension.swift */,
				E78016272CAAC9B800E658A1 /* BackToHomeMessageView.swift */,
				E78015E12CAA932B00E658A1 /* HikingInvitationVC.swift */,
				E78015E72CAAA4E600E658A1 /* CentralBLEService.swift */,
				E78015FF2CAAA9F700E658A1 /* HomeVC+HikingInvitation+Extension.swift */,
				BA1F53682CAA9F0500A9A9F2 /* OnboardingHealthAccessVC.swift */,
			);
			name = "Recovered References";
			sourceTree = "<group>";
		};
		E7EDAAF62CAAEE5E006F3ED0 /* Services */ = {
			isa = PBXGroup;
			children = (
				E7EDAAF42CAAEE5E006F3ED0 /* NavigationServices.swift */,
				E7EDAAF52CAAEE5E006F3ED0 /* UserServices.swift */,
				8A994CB02CAD0F29006CF73B /* WorkoutServiceWatchOS.swift */,
			);
			path = Services;
			sourceTree = "<group>";
		};
		E7EDAAF92CAAEE5E006F3ED0 /* Button */ = {
			isa = PBXGroup;
			children = (
				E7EDAAF72CAAEE5E006F3ED0 /* HKCircleButton.swift */,
				E7EDAAF82CAAEE5E006F3ED0 /* HKTextButton.swift */,
			);
			path = Button;
			sourceTree = "<group>";
		};
		E7EDAAFC2CAAEE5E006F3ED0 /* Text */ = {
			isa = PBXGroup;
			children = (
				E7EDAAFA2CAAEE5E006F3ED0 /* HKMetricBiggerText.swift */,
				E7EDAAFB2CAAEE5E006F3ED0 /* HKSummaryText.swift */,
			);
			path = Text;
			sourceTree = "<group>";
		};
		E7EDAAFD2CAAEE5E006F3ED0 /* Components */ = {
			isa = PBXGroup;
			children = (
				E7EDAAF92CAAEE5E006F3ED0 /* Button */,
				E7EDAAFC2CAAEE5E006F3ED0 /* Text */,
			);
			path = Components;
			sourceTree = "<group>";
		};
		E7EDAAFE2CAAEE5E006F3ED0 /* Shareds */ = {
			isa = PBXGroup;
			children = (
				8A994CA72CAC61E3006CF73B /* Extensions */,
				E7EDAAFD2CAAEE5E006F3ED0 /* Components */,
			);
			path = Shareds;
			sourceTree = "<group>";
		};
		E7EDAB012CAAEE5E006F3ED0 /* ViewModels */ = {
			isa = PBXGroup;
			children = (
				E7EDAAFF2CAAEE5E006F3ED0 /* HomeVM.swift */,
				E7EDAB002CAAEE5E006F3ED0 /* MetricsVM.swift */,
			);
			path = ViewModels;
			sourceTree = "<group>";
		};
		E7EDAB0C2CAAEE6A006F3ED0 /* Control */ = {
			isa = PBXGroup;
			children = (
				E7EDAB0A2CAAEE6A006F3ED0 /* LeadControlView.swift */,
				E7EDAB0B2CAAEE6A006F3ED0 /* MemberControlScreen.swift */,
			);
			path = Control;
			sourceTree = "<group>";
		};
		E7EDAB0E2CAAEE6A006F3ED0 /* Metrics */ = {
			isa = PBXGroup;
			children = (
				8A994CB62CAD50EF006CF73B /* RemainingTimeView.swift */,
				8A994CB42CAD4747006CF73B /* ElapsedTimeView.swift */,
				8A994CB22CAD4072006CF73B /* MetricsTimelineSchedule.swift */,
				E7EDAB0D2CAAEE6A006F3ED0 /* MetricsView.swift */,
			);
			path = Metrics;
			sourceTree = "<group>";
		};
		E7EDAB0F2CAAEE6A006F3ED0 /* SubViews */ = {
			isa = PBXGroup;
			children = (
				E7EDAB0C2CAAEE6A006F3ED0 /* Control */,
				E7EDAB0E2CAAEE6A006F3ED0 /* Metrics */,
			);
			path = SubViews;
			sourceTree = "<group>";
		};
		E7EDAB132CAAEE6A006F3ED0 /* Screens */ = {
			isa = PBXGroup;
			children = (
				E7EDAB0F2CAAEE6A006F3ED0 /* SubViews */,
				E7EDAB102CAAEE6A006F3ED0 /* HomeScreen.swift */,
				E7EDAB112CAAEE6A006F3ED0 /* MetricsScreen.swift */,
				E7EDAB122CAAEE6A006F3ED0 /* SummaryScreen.swift */,
			);
			path = Screens;
			sourceTree = "<group>";
		};
		E7EDAB162CAAEE6A006F3ED0 /* Supports */ = {
			isa = PBXGroup;
			children = (
				8A994CB82CADA4C9006CF73B /* AppDelegate.swift */,
				E7EDAB142CAAEE6A006F3ED0 /* ContentView.swift */,
				E7EDAB152CAAEE6A006F3ED0 /* HaikinguApp.swift */,
			);
			path = Supports;
			sourceTree = "<group>";
		};
		E7EDAB202CAAEE7B006F3ED0 /* Preview Content */ = {
			isa = PBXGroup;
			children = (
				E7EDAB1F2CAAEE7B006F3ED0 /* Preview Assets.xcassets */,
			);
			path = "Preview Content";
			sourceTree = "<group>";
		};
/* End PBXGroup section */

/* Begin PBXNativeTarget section */
		E7D0BA2E2C9839AD00324E3D /* HaikinguApp */ = {
			isa = PBXNativeTarget;
			buildConfigurationList = E7D0BA432C9839AF00324E3D /* Build configuration list for PBXNativeTarget "HaikinguApp" */;
			buildPhases = (
				E7D0BA2B2C9839AD00324E3D /* Sources */,
				E7D0BA2C2C9839AD00324E3D /* Frameworks */,
				E7D0BA2D2C9839AD00324E3D /* Resources */,
				E7D0BA5B2C9839CC00324E3D /* Embed Watch Content */,
				E7CE22DC2CAB977D004A3223 /* ShellScript */,
			);
			buildRules = (
			);
			dependencies = (
				E7D0BA562C9839CC00324E3D /* PBXTargetDependency */,
			);
			name = HaikinguApp;
			productName = HaikinguApp;
			productReference = E7D0BA2F2C9839AD00324E3D /* HaikinguApp.app */;
			productType = "com.apple.product-type.application";
		};
		E7D0BA492C9839CB00324E3D /* Haikingu Watch App */ = {
			isa = PBXNativeTarget;
			buildConfigurationList = E7D0BA582C9839CC00324E3D /* Build configuration list for PBXNativeTarget "Haikingu Watch App" */;
			buildPhases = (
				E7D0BA462C9839CB00324E3D /* Sources */,
				E7D0BA472C9839CB00324E3D /* Frameworks */,
				E7D0BA482C9839CB00324E3D /* Resources */,
			);
			buildRules = (
			);
			dependencies = (
			);
			name = "Haikingu Watch App";
			productName = "Haikingu Watch App";
			productReference = E7D0BA4A2C9839CB00324E3D /* Haikingu Watch App.app */;
			productType = "com.apple.product-type.application";
		};
/* End PBXNativeTarget section */

/* Begin PBXProject section */
		E7D0BA272C9839AD00324E3D /* Project object */ = {
			isa = PBXProject;
			attributes = {
				BuildIndependentTargetsInParallel = 1;
				LastSwiftUpdateCheck = 1520;
				LastUpgradeCheck = 1600;
				TargetAttributes = {
					E7D0BA2E2C9839AD00324E3D = {
						CreatedOnToolsVersion = 15.2;
					};
					E7D0BA492C9839CB00324E3D = {
						CreatedOnToolsVersion = 15.2;
					};
				};
			};
			buildConfigurationList = E7D0BA2A2C9839AD00324E3D /* Build configuration list for PBXProject "HaikinguApp" */;
			compatibilityVersion = "Xcode 14.0";
			developmentRegion = en;
			hasScannedForEncodings = 0;
			knownRegions = (
				en,
				Base,
			);
			mainGroup = E7D0BA262C9839AD00324E3D;
			packageReferences = (
				E7CFD0482CAADD8F000FAD7B /* XCRemoteSwiftPackageReference "SnapKit" */,
				E7CFD0492CAADD9E000FAD7B /* XCRemoteSwiftPackageReference "Swinject" */,
				E7CE22DB2CAB9604004A3223 /* XCRemoteSwiftPackageReference "SwiftLintPlugins" */,
			);
			productRefGroup = E7D0BA302C9839AD00324E3D /* Products */;
			projectDirPath = "";
			projectRoot = "";
			targets = (
				E7D0BA2E2C9839AD00324E3D /* HaikinguApp */,
				E7D0BA492C9839CB00324E3D /* Haikingu Watch App */,
			);
		};
/* End PBXProject section */

/* Begin PBXResourcesBuildPhase section */
		E7D0BA2D2C9839AD00324E3D /* Resources */ = {
			isa = PBXResourcesBuildPhase;
			buildActionMask = 2147483647;
			files = (
				E73E7F942CAC7FE400C51B9D /* Telaga Bidadari Batam.gpx in Resources */,
				E73E7F962CAC7FE400C51B9D /* Assets.xcassets in Resources */,
			);
			runOnlyForDeploymentPostprocessing = 0;
		};
		E7D0BA482C9839CB00324E3D /* Resources */ = {
			isa = PBXResourcesBuildPhase;
			buildActionMask = 2147483647;
			files = (
				E7EDAB232CAAEE84006F3ED0 /* Assets.xcassets in Resources */,
				E7EDAB212CAAEE7B006F3ED0 /* Preview Assets.xcassets in Resources */,
			);
			runOnlyForDeploymentPostprocessing = 0;
		};
/* End PBXResourcesBuildPhase section */

/* Begin PBXShellScriptBuildPhase section */
		E7CE22DC2CAB977D004A3223 /* ShellScript */ = {
			isa = PBXShellScriptBuildPhase;
			buildActionMask = 2147483647;
			files = (
			);
			inputFileListPaths = (
			);
			inputPaths = (
			);
			outputFileListPaths = (
			);
			outputPaths = (
			);
			runOnlyForDeploymentPostprocessing = 0;
			shellPath = /bin/sh;
			shellScript = "export PATH=\"$PATH:/opt/homebrew/bin\"\nif which swiftlint > /dev/null; then\n  swiftlint\nelse\n  echo \"warning: SwiftLint not installed, download from https://github.com/realm/SwiftLint\"\nfi\n";
		};
/* End PBXShellScriptBuildPhase section */

/* Begin PBXSourcesBuildPhase section */
		E7D0BA2B2C9839AD00324E3D /* Sources */ = {
			isa = PBXSourcesBuildPhase;
			buildActionMask = 2147483647;
			files = (
				E73E7F4D2CAC7FE400C51B9D /* SampleItemView.swift in Sources */,
				E73E7F4E2CAC7FE400C51B9D /* HomeVC.swift in Sources */,
				E73E7F4F2CAC7FE400C51B9D /* HikingSummaryView.swift in Sources */,
				E73E7F502CAC7FE400C51B9D /* OnboardingHikingProfileVC.swift in Sources */,
				E73E7F512CAC7FE400C51B9D /* DetailDestinationVC+BLE+Extension.swift in Sources */,
				E73E7F522CAC7FE400C51B9D /* IconButton.swift in Sources */,
				E73E7F532CAC7FE400C51B9D /* NotificationManager.swift in Sources */,
				E73E7F542CAC7FE400C51B9D /* PrimaryButton.swift in Sources */,
				E73E7F552CAC7FE400C51B9D /* TeamsView.swift in Sources */,
				E73E7F562CAC7FE400C51B9D /* SceneDelegate.swift in Sources */,
				E73E7F572CAC7FE400C51B9D /* CongratsSharableVC.swift in Sources */,
				E73E7F582CAC7FE400C51B9D /* HomeHeaderView.swift in Sources */,
				E73E7F592CAC7FE400C51B9D /* TextIconButton.swift in Sources */,
				E73E7F5A2CAC7FE400C51B9D /* AppButton.swift in Sources */,
				E73E7F5B2CAC7FE400C51B9D /* HikerGridView.swift in Sources */,
				E73E7F5C2CAC7FE400C51B9D /* SecondaryButton.swift in Sources */,
				E73E7F5D2CAC7FE400C51B9D /* DestinationListVC.swift in Sources */,
				8A994CBC2CADD190006CF73B /* HKWorkout+Statistics+Extension.swift in Sources */,
				E73E7F5E2CAC7FE400C51B9D /* AddFriendVC.swift in Sources */,
				E73E7F5F2CAC7FE400C51B9D /* OnboardingHealthAccessVC.swift in Sources */,
				E73E7F602CAC7FE400C51B9D /* DetailDestinationView.swift in Sources */,
				E73E7F612CAC7FE400C51B9D /* HaikinguServiceBLEUUID.swift in Sources */,
				E73E7F622CAC7FE400C51B9D /* HeaderView.swift in Sources */,
				E73E7F632CAC7FE400C51B9D /* HikerBLEManager+Peripheral+Extension.swift in Sources */,
				E73E7F642CAC7FE400C51B9D /* HeaderCongratsView.swift in Sources */,
				035DA5672CAC935C0044BF26 /* SplashScreen.swift in Sources */,
				E73E7F652CAC7FE400C51B9D /* DetailEstTimeVC.swift in Sources */,
				E73E7F662CAC7FE400C51B9D /* Date+Extension.swift in Sources */,
				E73E7F672CAC7FE400C51B9D /* HikingCell.swift in Sources */,
				E73E7F682CAC7FE400C51B9D /* PersonImageView.swift in Sources */,
				E73E7F692CAC7FE400C51B9D /* TimeElapsedView.swift in Sources */,
				E73E7F6A2CAC7FE400C51B9D /* User.swift in Sources */,
				E73E7F6B2CAC7FE400C51B9D /* HikerCell.swift in Sources */,
				E73E7F6C2CAC7FE400C51B9D /* SampleDB.swift in Sources */,
				E73E7F6D2CAC7FE400C51B9D /* ReminderTitleView.swift in Sources */,
				E73E7F6E2CAC7FE400C51B9D /* BackToHomeMessageView.swift in Sources */,
				E73E7F6F2CAC7FE400C51B9D /* FooterView.swift in Sources */,
				E73E7F702CAC7FE400C51B9D /* PeripheralBLEService.swift in Sources */,
				E73E7F712CAC7FE400C51B9D /* OnboardingIntroductionVC.swift in Sources */,
				E73E7F722CAC7FE400C51B9D /* CentralBLEService.swift in Sources */,
				E73E7F732CAC7FE400C51B9D /* SampleView.swift in Sources */,
				E73E7F742CAC7FE400C51B9D /* BodyView.swift in Sources */,
				E73E7F762CAC7FE400C51B9D /* CustomCell.swift in Sources */,
				E73E7F772CAC7FE400C51B9D /* HikerBLEManager+Central+Extension.swift in Sources */,
				E73E7F782CAC7FE400C51B9D /* HikerBLEManager.swift in Sources */,
				E73E7F792CAC7FE400C51B9D /* HikingSessionVC.swift in Sources */,
				E73E7F7A2CAC7FE400C51B9D /* OnboardingExtension.swift in Sources */,
				035DA5692CAD1DAC0044BF26 /* UserDefaultService.swift in Sources */,
				E73E7F7B2CAC7FE400C51B9D /* WorkoutServiceIos.swift in Sources */,
				E73E7F7C2CAC7FE400C51B9D /* AppDelegate.swift in Sources */,
				E73E7F7D2CAC7FE400C51B9D /* HomeVC+BLE+Extension.swift in Sources */,
				E73E7F7E2CAC7FE400C51B9D /* HaikinguRequestReponse.swift in Sources */,
				E73E7F7F2CAC7FE400C51B9D /* HealthService.swift in Sources */,
				E73E7F802CAC7FE400C51B9D /* Hiker.swift in Sources */,
				E73E7F812CAC7FE400C51B9D /* DestinationModel.swift in Sources */,
				035DA56B2CAD215D0044BF26 /* UserDefaultManager.swift in Sources */,
				E73E7F822CAC7FE400C51B9D /* HikingInvitationVC.swift in Sources */,
				E73E7F832CAC7FE400C51B9D /* TypeOfRestEnum.swift in Sources */,
				E73E7F842CAC7FE400C51B9D /* HikingModeControlView.swift in Sources */,
				E73E7F852CAC7FE400C51B9D /* HomeVC+HikingInvitation+Extension.swift in Sources */,
				E73E7F862CAC7FE400C51B9D /* OnboardingKeyFeatureVC.swift in Sources */,
				E73E7F872CAC7FE400C51B9D /* AlterVC.swift in Sources */,
				E73E7F882CAC7FE400C51B9D /* Swinject+Extension.swift in Sources */,
				E73E7F892CAC7FE400C51B9D /* EditProfileVC.swift in Sources */,
				E73E7F8A2CAC7FE400C51B9D /* WorkoutManager+iOS+Extension.swift in Sources */,
				E73E7F8B2CAC7FE400C51B9D /* OnboardingLocationVC.swift in Sources */,
				E73E7F8C2CAC7FE400C51B9D /* CongratsVC.swift in Sources */,
				E73E7F8D2CAC7FE400C51B9D /* AlertRangeView.swift in Sources */,
				E73E7F8E2CAC7FE400C51B9D /* NotificationService.swift in Sources */,
				E73E7F8F2CAC7FE400C51B9D /* HealthManager.swift in Sources */,
				E73E7F902CAC7FE400C51B9D /* OnboardingFinishedVC.swift in Sources */,
				E73E7F912CAC7FE400C51B9D /* DetailDestinationVC.swift in Sources */,
				E73E7F922CAC7FE400C51B9D /* SampleLabel.swift in Sources */,
				E73E7F932CAC7FE400C51B9D /* HikingMetricsIconTextView.swift in Sources */,
				E7CE22D92CAB8EF0004A3223 /* WorkoutManager.swift in Sources */,
				E7CE22DA2CAB8EF0004A3223 /* Logger.swift in Sources */,
			);
			runOnlyForDeploymentPostprocessing = 0;
		};
		E7D0BA462C9839CB00324E3D /* Sources */ = {
			isa = PBXSourcesBuildPhase;
			buildActionMask = 2147483647;
			files = (
				E7EDAB022CAAEE5E006F3ED0 /* HKSummaryText.swift in Sources */,
				E7EDAB032CAAEE5E006F3ED0 /* HomeVM.swift in Sources */,
				8A994CB32CAD4072006CF73B /* MetricsTimelineSchedule.swift in Sources */,
				E7EDAB042CAAEE5E006F3ED0 /* HKCircleButton.swift in Sources */,
				E7EDAB172CAAEE6A006F3ED0 /* ContentView.swift in Sources */,
				E7EDAB182CAAEE6A006F3ED0 /* MemberControlScreen.swift in Sources */,
				8A994CAE2CAC638B006CF73B /* Inject.swift in Sources */,
				E7EDAB192CAAEE6A006F3ED0 /* MetricsScreen.swift in Sources */,
				8A994CB92CADA4C9006CF73B /* AppDelegate.swift in Sources */,
				E7EDAB1A2CAAEE6A006F3ED0 /* HaikinguApp.swift in Sources */,
				8A994CB72CAD50EF006CF73B /* RemainingTimeView.swift in Sources */,
				E7EDAB1B2CAAEE6A006F3ED0 /* SummaryScreen.swift in Sources */,
				E7EDAB1C2CAAEE6A006F3ED0 /* MetricsView.swift in Sources */,
				E7EDAB1D2CAAEE6A006F3ED0 /* LeadControlView.swift in Sources */,
				E7EDAB1E2CAAEE6A006F3ED0 /* HomeScreen.swift in Sources */,
				E7EDAB052CAAEE5E006F3ED0 /* UserServices.swift in Sources */,
				8A994CBD2CADD190006CF73B /* HKWorkout+Statistics+Extension.swift in Sources */,
				E7EDAB062CAAEE5E006F3ED0 /* HKMetricBiggerText.swift in Sources */,
				E7CE22D72CAB8EF0004A3223 /* WorkoutManager.swift in Sources */,
				8A994CB52CAD4747006CF73B /* ElapsedTimeView.swift in Sources */,
				8AA599852CB00DA5004C154A /* DestinationModel.swift in Sources */,
				E7CE22D82CAB8EF0004A3223 /* Logger.swift in Sources */,
				8A994CB12CAD0F29006CF73B /* WorkoutServiceWatchOS.swift in Sources */,
				8A994CAC2CAC62E3006CF73B /* SwinjectWatchos+extension.swift in Sources */,
				E7EDAB072CAAEE5E006F3ED0 /* HKTextButton.swift in Sources */,
				E7EDAB082CAAEE5E006F3ED0 /* NavigationServices.swift in Sources */,
				E7EDAB092CAAEE5E006F3ED0 /* MetricsVM.swift in Sources */,
				8AF3B98C2CAAF620008C5891 /* WorkoutManager+watchOS+Extension.swift in Sources */,
			);
			runOnlyForDeploymentPostprocessing = 0;
		};
/* End PBXSourcesBuildPhase section */

/* Begin PBXTargetDependency section */
		E7D0BA562C9839CC00324E3D /* PBXTargetDependency */ = {
			isa = PBXTargetDependency;
			target = E7D0BA492C9839CB00324E3D /* Haikingu Watch App */;
			targetProxy = E7D0BA552C9839CC00324E3D /* PBXContainerItemProxy */;
		};
/* End PBXTargetDependency section */

/* Begin XCBuildConfiguration section */
		E7D0BA412C9839AF00324E3D /* Debug */ = {
			isa = XCBuildConfiguration;
			buildSettings = {
				ALWAYS_SEARCH_USER_PATHS = NO;
				ASSETCATALOG_COMPILER_GENERATE_SWIFT_ASSET_SYMBOL_EXTENSIONS = YES;
				CLANG_ANALYZER_NONNULL = YES;
				CLANG_ANALYZER_NUMBER_OBJECT_CONVERSION = YES_AGGRESSIVE;
				CLANG_CXX_LANGUAGE_STANDARD = "gnu++20";
				CLANG_ENABLE_MODULES = YES;
				CLANG_ENABLE_OBJC_ARC = YES;
				CLANG_ENABLE_OBJC_WEAK = YES;
				CLANG_WARN_BLOCK_CAPTURE_AUTORELEASING = YES;
				CLANG_WARN_BOOL_CONVERSION = YES;
				CLANG_WARN_COMMA = YES;
				CLANG_WARN_CONSTANT_CONVERSION = YES;
				CLANG_WARN_DEPRECATED_OBJC_IMPLEMENTATIONS = YES;
				CLANG_WARN_DIRECT_OBJC_ISA_USAGE = YES_ERROR;
				CLANG_WARN_DOCUMENTATION_COMMENTS = YES;
				CLANG_WARN_EMPTY_BODY = YES;
				CLANG_WARN_ENUM_CONVERSION = YES;
				CLANG_WARN_INFINITE_RECURSION = YES;
				CLANG_WARN_INT_CONVERSION = YES;
				CLANG_WARN_NON_LITERAL_NULL_CONVERSION = YES;
				CLANG_WARN_OBJC_IMPLICIT_RETAIN_SELF = YES;
				CLANG_WARN_OBJC_LITERAL_CONVERSION = YES;
				CLANG_WARN_OBJC_ROOT_CLASS = YES_ERROR;
				CLANG_WARN_QUOTED_INCLUDE_IN_FRAMEWORK_HEADER = YES;
				CLANG_WARN_RANGE_LOOP_ANALYSIS = YES;
				CLANG_WARN_STRICT_PROTOTYPES = YES;
				CLANG_WARN_SUSPICIOUS_MOVE = YES;
				CLANG_WARN_UNGUARDED_AVAILABILITY = YES_AGGRESSIVE;
				CLANG_WARN_UNREACHABLE_CODE = YES;
				CLANG_WARN__DUPLICATE_METHOD_MATCH = YES;
				COPY_PHASE_STRIP = NO;
				DEBUG_INFORMATION_FORMAT = dwarf;
				ENABLE_STRICT_OBJC_MSGSEND = YES;
				ENABLE_TESTABILITY = YES;
				ENABLE_USER_SCRIPT_SANDBOXING = YES;
				GCC_C_LANGUAGE_STANDARD = gnu17;
				GCC_DYNAMIC_NO_PIC = NO;
				GCC_NO_COMMON_BLOCKS = YES;
				GCC_OPTIMIZATION_LEVEL = 0;
				GCC_PREPROCESSOR_DEFINITIONS = (
					"DEBUG=1",
					"$(inherited)",
				);
				GCC_WARN_64_TO_32_BIT_CONVERSION = YES;
				GCC_WARN_ABOUT_RETURN_TYPE = YES_ERROR;
				GCC_WARN_UNDECLARED_SELECTOR = YES;
				GCC_WARN_UNINITIALIZED_AUTOS = YES_AGGRESSIVE;
				GCC_WARN_UNUSED_FUNCTION = YES;
				GCC_WARN_UNUSED_VARIABLE = YES;
				IPHONEOS_DEPLOYMENT_TARGET = 17.2;
				LOCALIZATION_PREFERS_STRING_CATALOGS = YES;
				MTL_ENABLE_DEBUG_INFO = INCLUDE_SOURCE;
				MTL_FAST_MATH = YES;
				ONLY_ACTIVE_ARCH = YES;
				SDKROOT = iphoneos;
				SWIFT_ACTIVE_COMPILATION_CONDITIONS = "DEBUG $(inherited)";
				SWIFT_OPTIMIZATION_LEVEL = "-Onone";
			};
			name = Debug;
		};
		E7D0BA422C9839AF00324E3D /* Release */ = {
			isa = XCBuildConfiguration;
			buildSettings = {
				ALWAYS_SEARCH_USER_PATHS = NO;
				ASSETCATALOG_COMPILER_GENERATE_SWIFT_ASSET_SYMBOL_EXTENSIONS = YES;
				CLANG_ANALYZER_NONNULL = YES;
				CLANG_ANALYZER_NUMBER_OBJECT_CONVERSION = YES_AGGRESSIVE;
				CLANG_CXX_LANGUAGE_STANDARD = "gnu++20";
				CLANG_ENABLE_MODULES = YES;
				CLANG_ENABLE_OBJC_ARC = YES;
				CLANG_ENABLE_OBJC_WEAK = YES;
				CLANG_WARN_BLOCK_CAPTURE_AUTORELEASING = YES;
				CLANG_WARN_BOOL_CONVERSION = YES;
				CLANG_WARN_COMMA = YES;
				CLANG_WARN_CONSTANT_CONVERSION = YES;
				CLANG_WARN_DEPRECATED_OBJC_IMPLEMENTATIONS = YES;
				CLANG_WARN_DIRECT_OBJC_ISA_USAGE = YES_ERROR;
				CLANG_WARN_DOCUMENTATION_COMMENTS = YES;
				CLANG_WARN_EMPTY_BODY = YES;
				CLANG_WARN_ENUM_CONVERSION = YES;
				CLANG_WARN_INFINITE_RECURSION = YES;
				CLANG_WARN_INT_CONVERSION = YES;
				CLANG_WARN_NON_LITERAL_NULL_CONVERSION = YES;
				CLANG_WARN_OBJC_IMPLICIT_RETAIN_SELF = YES;
				CLANG_WARN_OBJC_LITERAL_CONVERSION = YES;
				CLANG_WARN_OBJC_ROOT_CLASS = YES_ERROR;
				CLANG_WARN_QUOTED_INCLUDE_IN_FRAMEWORK_HEADER = YES;
				CLANG_WARN_RANGE_LOOP_ANALYSIS = YES;
				CLANG_WARN_STRICT_PROTOTYPES = YES;
				CLANG_WARN_SUSPICIOUS_MOVE = YES;
				CLANG_WARN_UNGUARDED_AVAILABILITY = YES_AGGRESSIVE;
				CLANG_WARN_UNREACHABLE_CODE = YES;
				CLANG_WARN__DUPLICATE_METHOD_MATCH = YES;
				COPY_PHASE_STRIP = NO;
				DEBUG_INFORMATION_FORMAT = "dwarf-with-dsym";
				ENABLE_NS_ASSERTIONS = NO;
				ENABLE_STRICT_OBJC_MSGSEND = YES;
				ENABLE_USER_SCRIPT_SANDBOXING = YES;
				GCC_C_LANGUAGE_STANDARD = gnu17;
				GCC_NO_COMMON_BLOCKS = YES;
				GCC_WARN_64_TO_32_BIT_CONVERSION = YES;
				GCC_WARN_ABOUT_RETURN_TYPE = YES_ERROR;
				GCC_WARN_UNDECLARED_SELECTOR = YES;
				GCC_WARN_UNINITIALIZED_AUTOS = YES_AGGRESSIVE;
				GCC_WARN_UNUSED_FUNCTION = YES;
				GCC_WARN_UNUSED_VARIABLE = YES;
				IPHONEOS_DEPLOYMENT_TARGET = 17.2;
				LOCALIZATION_PREFERS_STRING_CATALOGS = YES;
				MTL_ENABLE_DEBUG_INFO = NO;
				MTL_FAST_MATH = YES;
				SDKROOT = iphoneos;
				SWIFT_COMPILATION_MODE = wholemodule;
				SWIFT_OPTIMIZATION_LEVEL = "-Onone";
				VALIDATE_PRODUCT = YES;
			};
			name = Release;
		};
		E7D0BA442C9839AF00324E3D /* Debug */ = {
			isa = XCBuildConfiguration;
			buildSettings = {
				ASSETCATALOG_COMPILER_APPICON_NAME = AppIcon;
				ASSETCATALOG_COMPILER_GLOBAL_ACCENT_COLOR_NAME = AccentColor;
				CODE_SIGN_ENTITLEMENTS = HaikinguApp/HaikinguApp.entitlements;
				CODE_SIGN_IDENTITY = "Apple Development";
				CODE_SIGN_STYLE = Automatic;
				CURRENT_PROJECT_VERSION = 1;
				DEVELOPMENT_TEAM = F44CLK4937;
				ENABLE_USER_SCRIPT_SANDBOXING = NO;
				GENERATE_INFOPLIST_FILE = YES;
				INFOPLIST_FILE = HaikinguApp/Info.plist;
				INFOPLIST_KEY_NSBluetoothAlwaysUsageDescription = "This app needs access to use bluetooth to send and receive data";
				INFOPLIST_KEY_NSCameraUsageDescription = "Use to capture your profile and moments";
				INFOPLIST_KEY_NSHealthClinicalHealthRecordsShareUsageDescription = "Use to analyze your tiredness level";
				INFOPLIST_KEY_NSHealthShareUsageDescription = "Use to share calculate result of BPM";
				INFOPLIST_KEY_NSHealthUpdateUsageDescription = "Use to get BPM Value to determine your tiredness level";
				INFOPLIST_KEY_NSLocationAlwaysAndWhenInUseUsageDescription = "Use to know your current location to track your location";
				INFOPLIST_KEY_NSLocationWhenInUseUsageDescription = "Use to know your current location to track your location";
				INFOPLIST_KEY_UIApplicationSupportsIndirectInputEvents = YES;
				INFOPLIST_KEY_UILaunchStoryboardName = LaunchScreen;
				INFOPLIST_KEY_UISupportedInterfaceOrientations = UIInterfaceOrientationPortrait;
				IPHONEOS_DEPLOYMENT_TARGET = 17.0;
				LD_RUNPATH_SEARCH_PATHS = (
					"$(inherited)",
					"@executable_path/Frameworks",
				);
				MARKETING_VERSION = 1.0.0;
				PRODUCT_BUNDLE_IDENTIFIER = com.bayu.Haikingu;
				PRODUCT_NAME = "$(TARGET_NAME)";
				PROVISIONING_PROFILE_SPECIFIER = "";
				SUPPORTED_PLATFORMS = "iphoneos iphonesimulator";
				SUPPORTS_MACCATALYST = NO;
				SUPPORTS_MAC_DESIGNED_FOR_IPHONE_IPAD = NO;
				SUPPORTS_XR_DESIGNED_FOR_IPHONE_IPAD = NO;
				SWIFT_EMIT_LOC_STRINGS = YES;
				SWIFT_VERSION = 5.0;
				TARGETED_DEVICE_FAMILY = 1;
			};
			name = Debug;
		};
		E7D0BA452C9839AF00324E3D /* Release */ = {
			isa = XCBuildConfiguration;
			buildSettings = {
				ASSETCATALOG_COMPILER_APPICON_NAME = AppIcon;
				ASSETCATALOG_COMPILER_GLOBAL_ACCENT_COLOR_NAME = AccentColor;
				CODE_SIGN_ENTITLEMENTS = HaikinguApp/HaikinguApp.entitlements;
				CODE_SIGN_IDENTITY = "Apple Development";
				CODE_SIGN_STYLE = Automatic;
				CURRENT_PROJECT_VERSION = 1;
				DEVELOPMENT_TEAM = F44CLK4937;
				ENABLE_USER_SCRIPT_SANDBOXING = NO;
				GENERATE_INFOPLIST_FILE = YES;
				INFOPLIST_FILE = HaikinguApp/Info.plist;
				INFOPLIST_KEY_NSBluetoothAlwaysUsageDescription = "This app needs access to use bluetooth to send and receive data";
				INFOPLIST_KEY_NSCameraUsageDescription = "Use to capture your profile and moments";
				INFOPLIST_KEY_NSHealthClinicalHealthRecordsShareUsageDescription = "Use to analyze your tiredness level";
				INFOPLIST_KEY_NSHealthShareUsageDescription = "Use to share calculate result of BPM";
				INFOPLIST_KEY_NSHealthUpdateUsageDescription = "Use to get BPM Value to determine your tiredness level";
				INFOPLIST_KEY_NSLocationAlwaysAndWhenInUseUsageDescription = "Use to know your current location to track your location";
				INFOPLIST_KEY_NSLocationWhenInUseUsageDescription = "Use to know your current location to track your location";
				INFOPLIST_KEY_UIApplicationSupportsIndirectInputEvents = YES;
				INFOPLIST_KEY_UILaunchStoryboardName = LaunchScreen;
				INFOPLIST_KEY_UISupportedInterfaceOrientations = UIInterfaceOrientationPortrait;
				IPHONEOS_DEPLOYMENT_TARGET = 17.0;
				LD_RUNPATH_SEARCH_PATHS = (
					"$(inherited)",
					"@executable_path/Frameworks",
				);
				MARKETING_VERSION = 1.0.0;
				PRODUCT_BUNDLE_IDENTIFIER = com.bayu.Haikingu;
				PRODUCT_NAME = "$(TARGET_NAME)";
				PROVISIONING_PROFILE_SPECIFIER = "";
				SUPPORTED_PLATFORMS = "iphoneos iphonesimulator";
				SUPPORTS_MACCATALYST = NO;
				SUPPORTS_MAC_DESIGNED_FOR_IPHONE_IPAD = NO;
				SUPPORTS_XR_DESIGNED_FOR_IPHONE_IPAD = NO;
				SWIFT_EMIT_LOC_STRINGS = YES;
				SWIFT_VERSION = 5.0;
				TARGETED_DEVICE_FAMILY = 1;
			};
			name = Release;
		};
		E7D0BA592C9839CC00324E3D /* Debug */ = {
			isa = XCBuildConfiguration;
			buildSettings = {
				ASSETCATALOG_COMPILER_APPICON_NAME = AppIcon;
				ASSETCATALOG_COMPILER_GLOBAL_ACCENT_COLOR_NAME = AccentColor;
				CODE_SIGN_ENTITLEMENTS = "Haikingu Watch App.entitlements";
				CODE_SIGN_IDENTITY = "Apple Development";
				CODE_SIGN_STYLE = Automatic;
				CURRENT_PROJECT_VERSION = 1;
				DEVELOPMENT_ASSET_PATHS = "\"HaikinguWatchApp/Preview Content\"";
				DEVELOPMENT_TEAM = F44CLK4937;
				ENABLE_PREVIEWS = YES;
				GENERATE_INFOPLIST_FILE = YES;
				INFOPLIST_KEY_CFBundleDisplayName = Haikingu;
				INFOPLIST_KEY_NSHealthClinicalHealthRecordsShareUsageDescription = "Use to analyze your tiredness level";
				INFOPLIST_KEY_NSHealthShareUsageDescription = "Use to share calculate result of BPM";
				INFOPLIST_KEY_NSHealthUpdateUsageDescription = "Use to get BPM Value to determine your tiredness level";
				INFOPLIST_KEY_NSLocationAlwaysAndWhenInUseUsageDescription = "Use to know your current location to track your location";
				INFOPLIST_KEY_NSLocationWhenInUseUsageDescription = "Use to know your current location to track your location";
				INFOPLIST_KEY_NSMotionUsageDescription = "Use to get your walking speed";
				INFOPLIST_KEY_UISupportedInterfaceOrientations = "UIInterfaceOrientationPortrait UIInterfaceOrientationPortraitUpsideDown";
				INFOPLIST_KEY_WKCompanionAppBundleIdentifier = com.bayu.Haikingu;
				LD_RUNPATH_SEARCH_PATHS = (
					"$(inherited)",
					"@executable_path/Frameworks",
				);
				MARKETING_VERSION = 1.0.0;
				PRODUCT_BUNDLE_IDENTIFIER = com.bayu.Haikingu.watchkitapp;
				PRODUCT_NAME = "$(TARGET_NAME)";
				PROVISIONING_PROFILE_SPECIFIER = "";
				SDKROOT = watchos;
				SKIP_INSTALL = YES;
				SWIFT_EMIT_LOC_STRINGS = YES;
				SWIFT_VERSION = 5.0;
				TARGETED_DEVICE_FAMILY = 4;
				WATCHOS_DEPLOYMENT_TARGET = 10.2;
			};
			name = Debug;
		};
		E7D0BA5A2C9839CC00324E3D /* Release */ = {
			isa = XCBuildConfiguration;
			buildSettings = {
				ASSETCATALOG_COMPILER_APPICON_NAME = AppIcon;
				ASSETCATALOG_COMPILER_GLOBAL_ACCENT_COLOR_NAME = AccentColor;
				CODE_SIGN_ENTITLEMENTS = "Haikingu Watch App.entitlements";
				CODE_SIGN_IDENTITY = "Apple Development";
				CODE_SIGN_STYLE = Automatic;
				CURRENT_PROJECT_VERSION = 1;
				DEVELOPMENT_ASSET_PATHS = "\"HaikinguWatchApp/Preview Content\"";
				DEVELOPMENT_TEAM = F44CLK4937;
				ENABLE_PREVIEWS = YES;
				GENERATE_INFOPLIST_FILE = YES;
				INFOPLIST_KEY_CFBundleDisplayName = Haikingu;
				INFOPLIST_KEY_NSHealthClinicalHealthRecordsShareUsageDescription = "Use to analyze your tiredness level";
				INFOPLIST_KEY_NSHealthShareUsageDescription = "Use to share calculate result of BPM";
				INFOPLIST_KEY_NSHealthUpdateUsageDescription = "Use to get BPM Value to determine your tiredness level";
				INFOPLIST_KEY_NSLocationAlwaysAndWhenInUseUsageDescription = "Use to know your current location to track your location";
				INFOPLIST_KEY_NSLocationWhenInUseUsageDescription = "Use to know your current location to track your location";
				INFOPLIST_KEY_NSMotionUsageDescription = "Use to get your walking speed";
				INFOPLIST_KEY_UISupportedInterfaceOrientations = "UIInterfaceOrientationPortrait UIInterfaceOrientationPortraitUpsideDown";
				INFOPLIST_KEY_WKCompanionAppBundleIdentifier = com.bayu.Haikingu;
				LD_RUNPATH_SEARCH_PATHS = (
					"$(inherited)",
					"@executable_path/Frameworks",
				);
				MARKETING_VERSION = 1.0.0;
				PRODUCT_BUNDLE_IDENTIFIER = com.bayu.Haikingu.watchkitapp;
				PRODUCT_NAME = "$(TARGET_NAME)";
				PROVISIONING_PROFILE_SPECIFIER = "";
				SDKROOT = watchos;
				SKIP_INSTALL = YES;
				SWIFT_EMIT_LOC_STRINGS = YES;
				SWIFT_VERSION = 5.0;
				TARGETED_DEVICE_FAMILY = 4;
				WATCHOS_DEPLOYMENT_TARGET = 10.2;
			};
			name = Release;
		};
/* End XCBuildConfiguration section */

/* Begin XCConfigurationList section */
		E7D0BA2A2C9839AD00324E3D /* Build configuration list for PBXProject "HaikinguApp" */ = {
			isa = XCConfigurationList;
			buildConfigurations = (
				E7D0BA412C9839AF00324E3D /* Debug */,
				E7D0BA422C9839AF00324E3D /* Release */,
			);
			defaultConfigurationIsVisible = 0;
			defaultConfigurationName = Release;
		};
		E7D0BA432C9839AF00324E3D /* Build configuration list for PBXNativeTarget "HaikinguApp" */ = {
			isa = XCConfigurationList;
			buildConfigurations = (
				E7D0BA442C9839AF00324E3D /* Debug */,
				E7D0BA452C9839AF00324E3D /* Release */,
			);
			defaultConfigurationIsVisible = 0;
			defaultConfigurationName = Release;
		};
		E7D0BA582C9839CC00324E3D /* Build configuration list for PBXNativeTarget "Haikingu Watch App" */ = {
			isa = XCConfigurationList;
			buildConfigurations = (
				E7D0BA592C9839CC00324E3D /* Debug */,
				E7D0BA5A2C9839CC00324E3D /* Release */,
			);
			defaultConfigurationIsVisible = 0;
			defaultConfigurationName = Release;
		};
/* End XCConfigurationList section */

/* Begin XCRemoteSwiftPackageReference section */
		E7CE22DB2CAB9604004A3223 /* XCRemoteSwiftPackageReference "SwiftLintPlugins" */ = {
			isa = XCRemoteSwiftPackageReference;
			repositoryURL = "https://github.com/SimplyDanny/SwiftLintPlugins";
			requirement = {
				kind = upToNextMajorVersion;
				minimumVersion = 0.57.0;
			};
		};
		E7CFD0482CAADD8F000FAD7B /* XCRemoteSwiftPackageReference "SnapKit" */ = {
			isa = XCRemoteSwiftPackageReference;
			repositoryURL = "https://github.com/SnapKit/SnapKit";
			requirement = {
				kind = upToNextMajorVersion;
				minimumVersion = 5.7.1;
			};
		};
		E7CFD0492CAADD9E000FAD7B /* XCRemoteSwiftPackageReference "Swinject" */ = {
			isa = XCRemoteSwiftPackageReference;
			repositoryURL = "https://github.com/Swinject/Swinject.git";
			requirement = {
				kind = upToNextMajorVersion;
				minimumVersion = 2.9.1;
			};
		};
/* End XCRemoteSwiftPackageReference section */

/* Begin XCSwiftPackageProductDependency section */
		E7EDAB242CAAEF4F006F3ED0 /* SnapKit */ = {
			isa = XCSwiftPackageProductDependency;
			package = E7CFD0482CAADD8F000FAD7B /* XCRemoteSwiftPackageReference "SnapKit" */;
			productName = SnapKit;
		};
		E7EDAB262CAAEF52006F3ED0 /* Swinject */ = {
			isa = XCSwiftPackageProductDependency;
			package = E7CFD0492CAADD9E000FAD7B /* XCRemoteSwiftPackageReference "Swinject" */;
			productName = Swinject;
		};
		E7EDAB282CAAEF58006F3ED0 /* Swinject */ = {
			isa = XCSwiftPackageProductDependency;
			package = E7CFD0492CAADD9E000FAD7B /* XCRemoteSwiftPackageReference "Swinject" */;
			productName = Swinject;
		};
/* End XCSwiftPackageProductDependency section */
	};
	rootObject = E7D0BA272C9839AD00324E3D /* Project object */;
}
